
Microsoft Visual Studio Solution File, Format Version 12.00
# Visual Studio Version 17
VisualStudioVersion = 17.0.31903.59
MinimumVisualStudioVersion = 10.0.40219.1
Project("{2150E333-8FDC-42A3-9474-1A3956D46DE8}") = "src", "src", "{827E0CD3-B72D-47B6-A68D-7590B98EB39B}"
EndProject
Project("{2150E333-8FDC-42A3-9474-1A3956D46DE8}") = "Host", "Host", "{981C2CF6-E5BB-602A-511C-234B538302B0}"
EndProject
Project("{FAE04EC0-301F-11D3-BF4B-00C04F79EFBC}") = "ApiHost", "src\Host\ApiHost\ApiHost.csproj", "{EA1E2AF9-EAAE-4320-B1F0-D4A0826969D1}"
EndProject
Project("{FAE04EC0-301F-11D3-BF4B-00C04F79EFBC}") = "BuildingBlocks.Domain", "src\BuildingBlocks\BuildingBlocks.Domain\BuildingBlocks.Domain.csproj", "{136C916F-9B98-4645-995C-808C66CDFE56}"
EndProject
Project("{FAE04EC0-301F-11D3-BF4B-00C04F79EFBC}") = "BuildingBlocks.Application", "src\BuildingBlocks\BuildingBlocks.Application\BuildingBlocks.Application.csproj", "{93CB6438-705A-4C08-A73F-89CF7F6FA73A}"
EndProject
Project("{FAE04EC0-301F-11D3-BF4B-00C04F79EFBC}") = "BuildingBlocks.Infrastructure", "src\BuildingBlocks\BuildingBlocks.Infrastructure\BuildingBlocks.Infrastructure.csproj", "{28FE053D-1AFB-42AF-BB4A-939882172997}"
EndProject
Project("{2150E333-8FDC-42A3-9474-1A3956D46DE8}") = "BuildingBlocks", "BuildingBlocks", "{90298CBA-BD6F-3A0A-69D5-97CAD7B05E7E}"
EndProject
Project("{FAE04EC0-301F-11D3-BF4B-00C04F79EFBC}") = "BuildingBlocks.Contracts", "src\BuildingBlocks\BuildingBlocks.Contracts\BuildingBlocks.Contracts.csproj", "{1096D4CF-0E72-4940-8FDA-3E8AB56445E9}"
EndProject
Project("{FAE04EC0-301F-11D3-BF4B-00C04F79EFBC}") = "BuildingBlocks.Observability", "src\BuildingBlocks\BuildingBlocks.Observability\BuildingBlocks.Observability.csproj", "{4282F34B-6107-4C4E-B343-FECF5C872953}"
EndProject
Project("{2150E333-8FDC-42A3-9474-1A3956D46DE8}") = "Modules", "Modules", "{EC447DCF-ABFA-6E24-52A5-D7FD48A5C558}"
EndProject
Project("{2150E333-8FDC-42A3-9474-1A3956D46DE8}") = "Calendar", "Calendar", "{07FA420D-2907-57EF-713B-52CD3FBE2C68}"
EndProject
Project("{FAE04EC0-301F-11D3-BF4B-00C04F79EFBC}") = "Calendar.Application", "src\Modules\Calendar\Calendar.Application\Calendar.Application.csproj", "{7DBE5851-1304-4477-8674-0892CA91C323}"
EndProject
Project("{FAE04EC0-301F-11D3-BF4B-00C04F79EFBC}") = "Calendar.Domain", "src\Modules\Calendar\Calendar.Domain\Calendar.Domain.csproj", "{BD54C6CE-21C3-4139-B14A-381968C4C981}"
EndProject
Project("{FAE04EC0-301F-11D3-BF4B-00C04F79EFBC}") = "Calendar.Infrastructure", "src\Modules\Calendar\Calendar.Infrastructure\Calendar.Infrastructure.csproj", "{65C27441-689E-4398-A98E-7BF48902F8A6}"
EndProject
Project("{FAE04EC0-301F-11D3-BF4B-00C04F79EFBC}") = "Calendar.Presentation", "src\Modules\Calendar\Calendar.Presentation\Calendar.Presentation.csproj", "{BECD4AB6-753B-494F-85C9-CAB962F84CAA}"
EndProject
Project("{2150E333-8FDC-42A3-9474-1A3956D46DE8}") = "Communication", "Communication", "{4547C437-48B4-477A-A4CF-D9612E3DCF9D}"
EndProject
Project("{FAE04EC0-301F-11D3-BF4B-00C04F79EFBC}") = "Communication.Application", "src\Modules\Communication\Communication.Application\Communication.Application.csproj", "{4F6E7E62-F418-431D-A636-A36987A088AA}"
EndProject
Project("{FAE04EC0-301F-11D3-BF4B-00C04F79EFBC}") = "Communication.Domain", "src\Modules\Communication\Communication.Domain\Communication.Domain.csproj", "{B4E2008E-D6C2-4E21-96B1-604D79EFE4D2}"
EndProject
Project("{FAE04EC0-301F-11D3-BF4B-00C04F79EFBC}") = "Communication.Infrastructure", "src\Modules\Communication\Communication.Infrastructure\Communication.Infrastructure.csproj", "{F9820E34-125B-4A70-838E-59C57E3CE9B6}"
EndProject
Project("{FAE04EC0-301F-11D3-BF4B-00C04F79EFBC}") = "Communication.Presentation", "src\Modules\Communication\Communication.Presentation\Communication.Presentation.csproj", "{83CD8967-7E3C-4DFB-9E38-124D0D1E646C}"
EndProject
Project("{2150E333-8FDC-42A3-9474-1A3956D46DE8}") = "Identity", "Identity", "{0EC62A1A-9858-3A60-8A0C-FC9AACFA2EC7}"
EndProject
Project("{FAE04EC0-301F-11D3-BF4B-00C04F79EFBC}") = "Identity.Application", "src\Modules\Identity\Identity.Application\Identity.Application.csproj", "{34A628E8-0DB3-459E-B851-76DD13C0D5D0}"
EndProject
Project("{FAE04EC0-301F-11D3-BF4B-00C04F79EFBC}") = "Identity.Domain", "src\Modules\Identity\Identity.Domain\Identity.Domain.csproj", "{F95244CB-89AC-4E99-8219-16F2956C8E9E}"
EndProject
Project("{FAE04EC0-301F-11D3-BF4B-00C04F79EFBC}") = "Identity.Infrastructure", "src\Modules\Identity\Identity.Infrastructure\Identity.Infrastructure.csproj", "{8E0AED4F-A851-4C66-858B-C63008F45692}"
EndProject
Project("{FAE04EC0-301F-11D3-BF4B-00C04F79EFBC}") = "Identity.Presentation", "src\Modules\Identity\Identity.Presentation\Identity.Presentation.csproj", "{023FFF62-0940-4250-97D0-09233243CD2C}"
EndProject
Project("{2150E333-8FDC-42A3-9474-1A3956D46DE8}") = "Notifications", "Notifications", "{DE9DAF8A-E684-0FD3-FFDC-40D3E3158533}"
EndProject
Project("{FAE04EC0-301F-11D3-BF4B-00C04F79EFBC}") = "Notifications.Application", "src\Modules\Notifications\Notifications.Application\Notifications.Application.csproj", "{3EE3881C-7801-4347-88CE-6CC6B422155C}"
EndProject
Project("{FAE04EC0-301F-11D3-BF4B-00C04F79EFBC}") = "Notifications.Domain", "src\Modules\Notifications\Notifications.Domain\Notifications.Domain.csproj", "{1CB8113B-CDF1-47BC-9BC9-E9D1C7C9B8DF}"
EndProject
Project("{FAE04EC0-301F-11D3-BF4B-00C04F79EFBC}") = "Notifications.Infrastructure", "src\Modules\Notifications\Notifications.Infrastructure\Notifications.Infrastructure.csproj", "{13AFB85B-3CFF-47DC-8CFB-6EBECF179934}"
EndProject
Project("{FAE04EC0-301F-11D3-BF4B-00C04F79EFBC}") = "Notifications.Presentation", "src\Modules\Notifications\Notifications.Presentation\Notifications.Presentation.csproj", "{79B917BC-2A32-4B1B-B736-870DF1D0C93B}"
EndProject
Project("{2150E333-8FDC-42A3-9474-1A3956D46DE8}") = "Projects", "Projects", "{DEF05D85-86F1-393F-22F4-9251153583D2}"
EndProject
Project("{FAE04EC0-301F-11D3-BF4B-00C04F79EFBC}") = "Projects.Application", "src\Modules\Projects\Projects.Application\Projects.Application.csproj", "{D2F77998-26B3-410C-AD24-C8B1E29E8CA6}"
EndProject
Project("{FAE04EC0-301F-11D3-BF4B-00C04F79EFBC}") = "Projects.Domain", "src\Modules\Projects\Projects.Domain\Projects.Domain.csproj", "{D1F410E9-2A67-493B-984D-F0CDF6E466AD}"
EndProject
Project("{FAE04EC0-301F-11D3-BF4B-00C04F79EFBC}") = "Projects.Infrastructure", "src\Modules\Projects\Projects.Infrastructure\Projects.Infrastructure.csproj", "{74207094-8027-4F46-B9E6-41D056D89FD1}"
EndProject
Project("{FAE04EC0-301F-11D3-BF4B-00C04F79EFBC}") = "Projects.Presentation", "src\Modules\Projects\Projects.Presentation\Projects.Presentation.csproj", "{3334E330-EBF6-4174-B039-FFB00E98E04B}"
EndProject
Project("{2150E333-8FDC-42A3-9474-1A3956D46DE8}") = "Reporting", "Reporting", "{738763F7-68AC-12DE-A386-1ED9BDE12CF2}"
EndProject
Project("{FAE04EC0-301F-11D3-BF4B-00C04F79EFBC}") = "Reporting.Application", "src\Modules\Reporting\Reporting.Application\Reporting.Application.csproj", "{77A5D01F-6F67-4CD0-9AD5-48A510FC5986}"
EndProject
Project("{FAE04EC0-301F-11D3-BF4B-00C04F79EFBC}") = "Reporting.Domain", "src\Modules\Reporting\Reporting.Domain\Reporting.Domain.csproj", "{71F0F10E-FB50-4EC6-9AC6-919A55B70A85}"
EndProject
Project("{FAE04EC0-301F-11D3-BF4B-00C04F79EFBC}") = "Reporting.Infrastructure", "src\Modules\Reporting\Reporting.Infrastructure\Reporting.Infrastructure.csproj", "{650FFD9A-CEF9-413E-9B5C-08359642537C}"
EndProject
Project("{FAE04EC0-301F-11D3-BF4B-00C04F79EFBC}") = "Reporting.Presentation", "src\Modules\Reporting\Reporting.Presentation\Reporting.Presentation.csproj", "{0DB21F66-9ED6-4162-81D6-DB8822F12FD7}"
EndProject
Project("{2150E333-8FDC-42A3-9474-1A3956D46DE8}") = "Ticketing", "Ticketing", "{7375123C-7229-01CA-E81E-AA3CA21A18EB}"
EndProject
Project("{FAE04EC0-301F-11D3-BF4B-00C04F79EFBC}") = "Ticketing.Application", "src\Modules\Ticketing\Ticketing.Application\Ticketing.Application.csproj", "{1A4B217A-0DAB-4523-944A-F750D112F21F}"
EndProject
Project("{FAE04EC0-301F-11D3-BF4B-00C04F79EFBC}") = "Ticketing.Domain", "src\Modules\Ticketing\Ticketing.Domain\Ticketing.Domain.csproj", "{D2B279A7-144E-4C14-B4FC-2D30BD4DA42A}"
EndProject
Project("{FAE04EC0-301F-11D3-BF4B-00C04F79EFBC}") = "Ticketing.Infrastructure", "src\Modules\Ticketing\Ticketing.Infrastructure\Ticketing.Infrastructure.csproj", "{14F4B23D-2E72-4535-A8B5-5AFDB77D2007}"
EndProject
Project("{FAE04EC0-301F-11D3-BF4B-00C04F79EFBC}") = "Ticketing.Presentation", "src\Modules\Ticketing\Ticketing.Presentation\Ticketing.Presentation.csproj", "{8C2EDC7C-7B99-4F65-B3D9-CB46DAA4C431}"
EndProject
Project("{2150E333-8FDC-42A3-9474-1A3956D46DE8}") = "WorkItems", "WorkItems", "{1BBAC1C8-99B6-CDD2-63A0-C69569EE41FF}"
EndProject
Project("{FAE04EC0-301F-11D3-BF4B-00C04F79EFBC}") = "WorkItems.Application", "src\Modules\WorkItems\WorkItems.Application\WorkItems.Application.csproj", "{8176A291-0200-42C1-8B53-2C0B27116E39}"
EndProject
Project("{FAE04EC0-301F-11D3-BF4B-00C04F79EFBC}") = "WorkItems.Domain", "src\Modules\WorkItems\WorkItems.Domain\WorkItems.Domain.csproj", "{85AF487E-2C18-494A-BCB6-172DD50C5B7F}"
EndProject
Project("{FAE04EC0-301F-11D3-BF4B-00C04F79EFBC}") = "WorkItems.Infrastructure", "src\Modules\WorkItems\WorkItems.Infrastructure\WorkItems.Infrastructure.csproj", "{42BCC8F2-7C40-4046-A639-A9AF5349A97C}"
EndProject
Project("{FAE04EC0-301F-11D3-BF4B-00C04F79EFBC}") = "WorkItems.Presentation", "src\Modules\WorkItems\WorkItems.Presentation\WorkItems.Presentation.csproj", "{B0BD7860-80AA-4CA1-AD20-DE8E6129B5DD}"
EndProject
Project("{2150E333-8FDC-42A3-9474-1A3956D46DE8}") = "Webhook", "Webhook", "{837D20E8-9441-B87D-8EF4-FF6BD35F7D0E}"
EndProject
Project("{FAE04EC0-301F-11D3-BF4B-00C04F79EFBC}") = "Webhook.Domain", "src\Modules\Webhook\Webhook.Domain\Webhook.Domain.csproj", "{AA0CC522-BC22-42A5-8743-D0CF27FC743A}"
EndProject
Project("{FAE04EC0-301F-11D3-BF4B-00C04F79EFBC}") = "Webhook.Application", "src\Modules\Webhook\Webhook.Application\Webhook.Application.csproj", "{FF9379B1-4732-4EC3-8907-BF6581C3C2B6}"
EndProject
Project("{FAE04EC0-301F-11D3-BF4B-00C04F79EFBC}") = "Webhook.Infrastructure", "src\Modules\Webhook\Webhook.Infrastructure\Webhook.Infrastructure.csproj", "{8A6C471E-FFC9-4206-B0D0-C0E59BD817FB}"
EndProject
Project("{FAE04EC0-301F-11D3-BF4B-00C04F79EFBC}") = "Webhook.Presentation", "src\Modules\Webhook\Webhook.Presentation\Webhook.Presentation.csproj", "{0735AFC0-8249-4488-8128-7885700103F5}"
EndProject
Project("{2150E333-8FDC-42A3-9474-1A3956D46DE8}") = "Teams", "Teams", "{36085FE5-2F3B-08E4-8E3E-EB6543970461}"
EndProject
Project("{FAE04EC0-301F-11D3-BF4B-00C04F79EFBC}") = "Teams.Domain", "src\Modules\Teams\Teams.Domain\Teams.Domain.csproj", "{F4EFE841-376F-42EB-B17A-61B4AD740077}"
EndProject
Project("{FAE04EC0-301F-11D3-BF4B-00C04F79EFBC}") = "Teams.Application", "src\Modules\Teams\Teams.Application\Teams.Application.csproj", "{F997A460-C2FA-40AE-A79A-125E7415EE9B}"
EndProject
Project("{FAE04EC0-301F-11D3-BF4B-00C04F79EFBC}") = "Teams.Infrastructure", "src\Modules\Teams\Teams.Infrastructure\Teams.Infrastructure.csproj", "{774E6623-09D0-4A87-8ADB-DAC88445D768}"
EndProject
Project("{FAE04EC0-301F-11D3-BF4B-00C04F79EFBC}") = "Teams.Presentation", "src\Modules\Teams\Teams.Presentation\Teams.Presentation.csproj", "{61EA3B5D-9647-4AC9-87EA-CB713D3E07D3}"
EndProject
Project("{2150E333-8FDC-42A3-9474-1A3956D46DE8}") = "Docs", "Docs", "{303EDD67-775A-9813-FB2D-E7AE44C6FBFF}"
EndProject
Project("{FAE04EC0-301F-11D3-BF4B-00C04F79EFBC}") = "Docs.Domain", "src\Modules\Docs\Docs.Domain\Docs.Domain.csproj", "{1F054DC1-0FD2-407C-AA3C-573D79C06937}"
EndProject
Project("{FAE04EC0-301F-11D3-BF4B-00C04F79EFBC}") = "Docs.Application", "src\Modules\Docs\Docs.Application\Docs.Application.csproj", "{1E6B08DF-31BE-4E09-BC82-A61B569E77E9}"
EndProject
Project("{FAE04EC0-301F-11D3-BF4B-00C04F79EFBC}") = "Docs.Infrastructure", "src\Modules\Docs\Docs.Infrastructure\Docs.Infrastructure.csproj", "{614A068D-17C5-43ED-A489-B6AE6DBAEE78}"
EndProject
Project("{FAE04EC0-301F-11D3-BF4B-00C04F79EFBC}") = "Docs.Presentation", "src\Modules\Docs\Docs.Presentation\Docs.Presentation.csproj", "{BF00AEAE-01FB-423F-9E5E-CDAE805F10A5}"
EndProject
Project("{2150E333-8FDC-42A3-9474-1A3956D46DE8}") = "tests", "tests", "{0AB3BF05-4346-4AA6-1389-037BE0695223}"
EndProject
Project("{FAE04EC0-301F-11D3-BF4B-00C04F79EFBC}") = "UnitTests", "tests\UnitTests\UnitTests.csproj", "{D698D45B-6242-4CFF-AFB7-3AA18559CE1F}"
EndProject
Project("{FAE04EC0-301F-11D3-BF4B-00C04F79EFBC}") = "IntegrationTests", "tests\IntegrationTests\IntegrationTests.csproj", "{70B897BE-0F4B-43DD-9953-CDCBFA474A0D}"
EndProject
Project("{2150E333-8FDC-42A3-9474-1A3956D46DE8}") = "CustomFields", "CustomFields", "{4137E63F-E548-9327-FBCB-3A4A1ED7B259}"
EndProject
Project("{FAE04EC0-301F-11D3-BF4B-00C04F79EFBC}") = "CustomFields.Domain", "src\Modules\CustomFields\CustomFields.Domain\CustomFields.Domain.csproj", "{7B279291-CF9D-43FF-B351-00A5BECC2230}"
EndProject
Project("{FAE04EC0-301F-11D3-BF4B-00C04F79EFBC}") = "CustomFields.Application", "src\Modules\CustomFields\CustomFields.Application\CustomFields.Application.csproj", "{EBC7561D-FDA5-494D-BE42-FFFD8DAF0C66}"
EndProject
Project("{FAE04EC0-301F-11D3-BF4B-00C04F79EFBC}") = "CustomFields.Infrastructure", "src\Modules\CustomFields\CustomFields.Infrastructure\CustomFields.Infrastructure.csproj", "{543D4F04-7F92-42D0-9658-2F85C386A0C3}"
EndProject
Project("{FAE04EC0-301F-11D3-BF4B-00C04F79EFBC}") = "CustomFields.Presentation", "src\Modules\CustomFields\CustomFields.Presentation\CustomFields.Presentation.csproj", "{E5F4DDA0-32F2-4866-A95F-F6241F7CF6F6}"
EndProject
Project("{2150E333-8FDC-42A3-9474-1A3956D46DE8}") = "Automations", "Automations", "{1179E9C7-872E-048C-0005-C1319F9646E4}"
EndProject
Project("{FAE04EC0-301F-11D3-BF4B-00C04F79EFBC}") = "Automations.Domain", "src\Modules\Automations\Automations.Domain\Automations.Domain.csproj", "{2092FBA0-CCFA-4DFF-9C40-77516529AC89}"
EndProject
Project("{FAE04EC0-301F-11D3-BF4B-00C04F79EFBC}") = "Automations.Application", "src\Modules\Automations\Automations.Application\Automations.Application.csproj", "{91A2228A-ABA7-4695-B60E-6FC211E23B89}"
EndProject
Project("{FAE04EC0-301F-11D3-BF4B-00C04F79EFBC}") = "Automations.Infrastructure", "src\Modules\Automations\Automations.Infrastructure\Automations.Infrastructure.csproj", "{DED6C756-6B7D-4C7A-BBB1-8180BD21C9D2}"
EndProject
Project("{FAE04EC0-301F-11D3-BF4B-00C04F79EFBC}") = "Automations.Presentation", "src\Modules\Automations\Automations.Presentation\Automations.Presentation.csproj", "{5EB20E45-BFF6-4F0B-92A3-8B5D36E8062D}"
EndProject
Global
	GlobalSection(SolutionConfigurationPlatforms) = preSolution
		Debug|Any CPU = Debug|Any CPU
		Debug|x64 = Debug|x64
		Debug|x86 = Debug|x86
		Release|Any CPU = Release|Any CPU
		Release|x64 = Release|x64
		Release|x86 = Release|x86
	EndGlobalSection
	GlobalSection(ProjectConfigurationPlatforms) = postSolution
		{EA1E2AF9-EAAE-4320-B1F0-D4A0826969D1}.Debug|Any CPU.ActiveCfg = Debug|Any CPU
		{EA1E2AF9-EAAE-4320-B1F0-D4A0826969D1}.Debug|Any CPU.Build.0 = Debug|Any CPU
		{EA1E2AF9-EAAE-4320-B1F0-D4A0826969D1}.Debug|x64.ActiveCfg = Debug|Any CPU
		{EA1E2AF9-EAAE-4320-B1F0-D4A0826969D1}.Debug|x64.Build.0 = Debug|Any CPU
		{EA1E2AF9-EAAE-4320-B1F0-D4A0826969D1}.Debug|x86.ActiveCfg = Debug|Any CPU
		{EA1E2AF9-EAAE-4320-B1F0-D4A0826969D1}.Debug|x86.Build.0 = Debug|Any CPU
		{EA1E2AF9-EAAE-4320-B1F0-D4A0826969D1}.Release|Any CPU.ActiveCfg = Release|Any CPU
		{EA1E2AF9-EAAE-4320-B1F0-D4A0826969D1}.Release|Any CPU.Build.0 = Release|Any CPU
		{EA1E2AF9-EAAE-4320-B1F0-D4A0826969D1}.Release|x64.ActiveCfg = Release|Any CPU
		{EA1E2AF9-EAAE-4320-B1F0-D4A0826969D1}.Release|x64.Build.0 = Release|Any CPU
		{EA1E2AF9-EAAE-4320-B1F0-D4A0826969D1}.Release|x86.ActiveCfg = Release|Any CPU
		{EA1E2AF9-EAAE-4320-B1F0-D4A0826969D1}.Release|x86.Build.0 = Release|Any CPU
		{136C916F-9B98-4645-995C-808C66CDFE56}.Debug|Any CPU.ActiveCfg = Debug|Any CPU
		{136C916F-9B98-4645-995C-808C66CDFE56}.Debug|Any CPU.Build.0 = Debug|Any CPU
		{136C916F-9B98-4645-995C-808C66CDFE56}.Debug|x64.ActiveCfg = Debug|Any CPU
		{136C916F-9B98-4645-995C-808C66CDFE56}.Debug|x64.Build.0 = Debug|Any CPU
		{136C916F-9B98-4645-995C-808C66CDFE56}.Debug|x86.ActiveCfg = Debug|Any CPU
		{136C916F-9B98-4645-995C-808C66CDFE56}.Debug|x86.Build.0 = Debug|Any CPU
		{136C916F-9B98-4645-995C-808C66CDFE56}.Release|Any CPU.ActiveCfg = Release|Any CPU
		{136C916F-9B98-4645-995C-808C66CDFE56}.Release|Any CPU.Build.0 = Release|Any CPU
		{136C916F-9B98-4645-995C-808C66CDFE56}.Release|x64.ActiveCfg = Release|Any CPU
		{136C916F-9B98-4645-995C-808C66CDFE56}.Release|x64.Build.0 = Release|Any CPU
		{136C916F-9B98-4645-995C-808C66CDFE56}.Release|x86.ActiveCfg = Release|Any CPU
		{136C916F-9B98-4645-995C-808C66CDFE56}.Release|x86.Build.0 = Release|Any CPU
		{93CB6438-705A-4C08-A73F-89CF7F6FA73A}.Debug|Any CPU.ActiveCfg = Debug|Any CPU
		{93CB6438-705A-4C08-A73F-89CF7F6FA73A}.Debug|Any CPU.Build.0 = Debug|Any CPU
		{93CB6438-705A-4C08-A73F-89CF7F6FA73A}.Debug|x64.ActiveCfg = Debug|Any CPU
		{93CB6438-705A-4C08-A73F-89CF7F6FA73A}.Debug|x64.Build.0 = Debug|Any CPU
		{93CB6438-705A-4C08-A73F-89CF7F6FA73A}.Debug|x86.ActiveCfg = Debug|Any CPU
		{93CB6438-705A-4C08-A73F-89CF7F6FA73A}.Debug|x86.Build.0 = Debug|Any CPU
		{93CB6438-705A-4C08-A73F-89CF7F6FA73A}.Release|Any CPU.ActiveCfg = Release|Any CPU
		{93CB6438-705A-4C08-A73F-89CF7F6FA73A}.Release|Any CPU.Build.0 = Release|Any CPU
		{93CB6438-705A-4C08-A73F-89CF7F6FA73A}.Release|x64.ActiveCfg = Release|Any CPU
		{93CB6438-705A-4C08-A73F-89CF7F6FA73A}.Release|x64.Build.0 = Release|Any CPU
		{93CB6438-705A-4C08-A73F-89CF7F6FA73A}.Release|x86.ActiveCfg = Release|Any CPU
		{93CB6438-705A-4C08-A73F-89CF7F6FA73A}.Release|x86.Build.0 = Release|Any CPU
		{28FE053D-1AFB-42AF-BB4A-939882172997}.Debug|Any CPU.ActiveCfg = Debug|Any CPU
		{28FE053D-1AFB-42AF-BB4A-939882172997}.Debug|Any CPU.Build.0 = Debug|Any CPU
		{28FE053D-1AFB-42AF-BB4A-939882172997}.Debug|x64.ActiveCfg = Debug|Any CPU
		{28FE053D-1AFB-42AF-BB4A-939882172997}.Debug|x64.Build.0 = Debug|Any CPU
		{28FE053D-1AFB-42AF-BB4A-939882172997}.Debug|x86.ActiveCfg = Debug|Any CPU
		{28FE053D-1AFB-42AF-BB4A-939882172997}.Debug|x86.Build.0 = Debug|Any CPU
		{28FE053D-1AFB-42AF-BB4A-939882172997}.Release|Any CPU.ActiveCfg = Release|Any CPU
		{28FE053D-1AFB-42AF-BB4A-939882172997}.Release|Any CPU.Build.0 = Release|Any CPU
		{28FE053D-1AFB-42AF-BB4A-939882172997}.Release|x64.ActiveCfg = Release|Any CPU
		{28FE053D-1AFB-42AF-BB4A-939882172997}.Release|x64.Build.0 = Release|Any CPU
		{28FE053D-1AFB-42AF-BB4A-939882172997}.Release|x86.ActiveCfg = Release|Any CPU
		{28FE053D-1AFB-42AF-BB4A-939882172997}.Release|x86.Build.0 = Release|Any CPU
		{1096D4CF-0E72-4940-8FDA-3E8AB56445E9}.Debug|Any CPU.ActiveCfg = Debug|Any CPU
		{1096D4CF-0E72-4940-8FDA-3E8AB56445E9}.Debug|Any CPU.Build.0 = Debug|Any CPU
		{1096D4CF-0E72-4940-8FDA-3E8AB56445E9}.Debug|x64.ActiveCfg = Debug|Any CPU
		{1096D4CF-0E72-4940-8FDA-3E8AB56445E9}.Debug|x64.Build.0 = Debug|Any CPU
		{1096D4CF-0E72-4940-8FDA-3E8AB56445E9}.Debug|x86.ActiveCfg = Debug|Any CPU
		{1096D4CF-0E72-4940-8FDA-3E8AB56445E9}.Debug|x86.Build.0 = Debug|Any CPU
		{1096D4CF-0E72-4940-8FDA-3E8AB56445E9}.Release|Any CPU.ActiveCfg = Release|Any CPU
		{1096D4CF-0E72-4940-8FDA-3E8AB56445E9}.Release|Any CPU.Build.0 = Release|Any CPU
		{1096D4CF-0E72-4940-8FDA-3E8AB56445E9}.Release|x64.ActiveCfg = Release|Any CPU
		{1096D4CF-0E72-4940-8FDA-3E8AB56445E9}.Release|x64.Build.0 = Release|Any CPU
		{1096D4CF-0E72-4940-8FDA-3E8AB56445E9}.Release|x86.ActiveCfg = Release|Any CPU
		{1096D4CF-0E72-4940-8FDA-3E8AB56445E9}.Release|x86.Build.0 = Release|Any CPU
		{4282F34B-6107-4C4E-B343-FECF5C872953}.Debug|Any CPU.ActiveCfg = Debug|Any CPU
		{4282F34B-6107-4C4E-B343-FECF5C872953}.Debug|Any CPU.Build.0 = Debug|Any CPU
		{4282F34B-6107-4C4E-B343-FECF5C872953}.Debug|x64.ActiveCfg = Debug|Any CPU
		{4282F34B-6107-4C4E-B343-FECF5C872953}.Debug|x64.Build.0 = Debug|Any CPU
		{4282F34B-6107-4C4E-B343-FECF5C872953}.Debug|x86.ActiveCfg = Debug|Any CPU
		{4282F34B-6107-4C4E-B343-FECF5C872953}.Debug|x86.Build.0 = Debug|Any CPU
		{4282F34B-6107-4C4E-B343-FECF5C872953}.Release|Any CPU.ActiveCfg = Release|Any CPU
		{4282F34B-6107-4C4E-B343-FECF5C872953}.Release|Any CPU.Build.0 = Release|Any CPU
		{4282F34B-6107-4C4E-B343-FECF5C872953}.Release|x64.ActiveCfg = Release|Any CPU
		{4282F34B-6107-4C4E-B343-FECF5C872953}.Release|x64.Build.0 = Release|Any CPU
		{4282F34B-6107-4C4E-B343-FECF5C872953}.Release|x86.ActiveCfg = Release|Any CPU
		{4282F34B-6107-4C4E-B343-FECF5C872953}.Release|x86.Build.0 = Release|Any CPU
		{7DBE5851-1304-4477-8674-0892CA91C323}.Debug|Any CPU.ActiveCfg = Debug|Any CPU
		{7DBE5851-1304-4477-8674-0892CA91C323}.Debug|Any CPU.Build.0 = Debug|Any CPU
		{7DBE5851-1304-4477-8674-0892CA91C323}.Debug|x64.ActiveCfg = Debug|Any CPU
		{7DBE5851-1304-4477-8674-0892CA91C323}.Debug|x64.Build.0 = Debug|Any CPU
		{7DBE5851-1304-4477-8674-0892CA91C323}.Debug|x86.ActiveCfg = Debug|Any CPU
		{7DBE5851-1304-4477-8674-0892CA91C323}.Debug|x86.Build.0 = Debug|Any CPU
		{7DBE5851-1304-4477-8674-0892CA91C323}.Release|Any CPU.ActiveCfg = Release|Any CPU
		{7DBE5851-1304-4477-8674-0892CA91C323}.Release|Any CPU.Build.0 = Release|Any CPU
		{7DBE5851-1304-4477-8674-0892CA91C323}.Release|x64.ActiveCfg = Release|Any CPU
		{7DBE5851-1304-4477-8674-0892CA91C323}.Release|x64.Build.0 = Release|Any CPU
		{7DBE5851-1304-4477-8674-0892CA91C323}.Release|x86.ActiveCfg = Release|Any CPU
		{7DBE5851-1304-4477-8674-0892CA91C323}.Release|x86.Build.0 = Release|Any CPU
		{BD54C6CE-21C3-4139-B14A-381968C4C981}.Debug|Any CPU.ActiveCfg = Debug|Any CPU
		{BD54C6CE-21C3-4139-B14A-381968C4C981}.Debug|Any CPU.Build.0 = Debug|Any CPU
		{BD54C6CE-21C3-4139-B14A-381968C4C981}.Debug|x64.ActiveCfg = Debug|Any CPU
		{BD54C6CE-21C3-4139-B14A-381968C4C981}.Debug|x64.Build.0 = Debug|Any CPU
		{BD54C6CE-21C3-4139-B14A-381968C4C981}.Debug|x86.ActiveCfg = Debug|Any CPU
		{BD54C6CE-21C3-4139-B14A-381968C4C981}.Debug|x86.Build.0 = Debug|Any CPU
		{BD54C6CE-21C3-4139-B14A-381968C4C981}.Release|Any CPU.ActiveCfg = Release|Any CPU
		{BD54C6CE-21C3-4139-B14A-381968C4C981}.Release|Any CPU.Build.0 = Release|Any CPU
		{BD54C6CE-21C3-4139-B14A-381968C4C981}.Release|x64.ActiveCfg = Release|Any CPU
		{BD54C6CE-21C3-4139-B14A-381968C4C981}.Release|x64.Build.0 = Release|Any CPU
		{BD54C6CE-21C3-4139-B14A-381968C4C981}.Release|x86.ActiveCfg = Release|Any CPU
		{BD54C6CE-21C3-4139-B14A-381968C4C981}.Release|x86.Build.0 = Release|Any CPU
		{65C27441-689E-4398-A98E-7BF48902F8A6}.Debug|Any CPU.ActiveCfg = Debug|Any CPU
		{65C27441-689E-4398-A98E-7BF48902F8A6}.Debug|Any CPU.Build.0 = Debug|Any CPU
		{65C27441-689E-4398-A98E-7BF48902F8A6}.Debug|x64.ActiveCfg = Debug|Any CPU
		{65C27441-689E-4398-A98E-7BF48902F8A6}.Debug|x64.Build.0 = Debug|Any CPU
		{65C27441-689E-4398-A98E-7BF48902F8A6}.Debug|x86.ActiveCfg = Debug|Any CPU
		{65C27441-689E-4398-A98E-7BF48902F8A6}.Debug|x86.Build.0 = Debug|Any CPU
		{65C27441-689E-4398-A98E-7BF48902F8A6}.Release|Any CPU.ActiveCfg = Release|Any CPU
		{65C27441-689E-4398-A98E-7BF48902F8A6}.Release|Any CPU.Build.0 = Release|Any CPU
		{65C27441-689E-4398-A98E-7BF48902F8A6}.Release|x64.ActiveCfg = Release|Any CPU
		{65C27441-689E-4398-A98E-7BF48902F8A6}.Release|x64.Build.0 = Release|Any CPU
		{65C27441-689E-4398-A98E-7BF48902F8A6}.Release|x86.ActiveCfg = Release|Any CPU
		{65C27441-689E-4398-A98E-7BF48902F8A6}.Release|x86.Build.0 = Release|Any CPU
		{BECD4AB6-753B-494F-85C9-CAB962F84CAA}.Debug|Any CPU.ActiveCfg = Debug|Any CPU
		{BECD4AB6-753B-494F-85C9-CAB962F84CAA}.Debug|Any CPU.Build.0 = Debug|Any CPU
		{BECD4AB6-753B-494F-85C9-CAB962F84CAA}.Debug|x64.ActiveCfg = Debug|Any CPU
		{BECD4AB6-753B-494F-85C9-CAB962F84CAA}.Debug|x64.Build.0 = Debug|Any CPU
		{BECD4AB6-753B-494F-85C9-CAB962F84CAA}.Debug|x86.ActiveCfg = Debug|Any CPU
		{BECD4AB6-753B-494F-85C9-CAB962F84CAA}.Debug|x86.Build.0 = Debug|Any CPU
		{BECD4AB6-753B-494F-85C9-CAB962F84CAA}.Release|Any CPU.ActiveCfg = Release|Any CPU
		{BECD4AB6-753B-494F-85C9-CAB962F84CAA}.Release|Any CPU.Build.0 = Release|Any CPU
		{BECD4AB6-753B-494F-85C9-CAB962F84CAA}.Release|x64.ActiveCfg = Release|Any CPU
		{BECD4AB6-753B-494F-85C9-CAB962F84CAA}.Release|x64.Build.0 = Release|Any CPU
		{BECD4AB6-753B-494F-85C9-CAB962F84CAA}.Release|x86.ActiveCfg = Release|Any CPU
		{BECD4AB6-753B-494F-85C9-CAB962F84CAA}.Release|x86.Build.0 = Release|Any CPU
		{4F6E7E62-F418-431D-A636-A36987A088AA}.Debug|Any CPU.ActiveCfg = Debug|Any CPU
		{4F6E7E62-F418-431D-A636-A36987A088AA}.Debug|Any CPU.Build.0 = Debug|Any CPU
		{4F6E7E62-F418-431D-A636-A36987A088AA}.Debug|x64.ActiveCfg = Debug|Any CPU
		{4F6E7E62-F418-431D-A636-A36987A088AA}.Debug|x64.Build.0 = Debug|Any CPU
		{4F6E7E62-F418-431D-A636-A36987A088AA}.Debug|x86.ActiveCfg = Debug|Any CPU
		{4F6E7E62-F418-431D-A636-A36987A088AA}.Debug|x86.Build.0 = Debug|Any CPU
		{4F6E7E62-F418-431D-A636-A36987A088AA}.Release|Any CPU.ActiveCfg = Release|Any CPU
		{4F6E7E62-F418-431D-A636-A36987A088AA}.Release|Any CPU.Build.0 = Release|Any CPU
		{4F6E7E62-F418-431D-A636-A36987A088AA}.Release|x64.ActiveCfg = Release|Any CPU
		{4F6E7E62-F418-431D-A636-A36987A088AA}.Release|x64.Build.0 = Release|Any CPU
		{4F6E7E62-F418-431D-A636-A36987A088AA}.Release|x86.ActiveCfg = Release|Any CPU
		{4F6E7E62-F418-431D-A636-A36987A088AA}.Release|x86.Build.0 = Release|Any CPU
		{B4E2008E-D6C2-4E21-96B1-604D79EFE4D2}.Debug|Any CPU.ActiveCfg = Debug|Any CPU
		{B4E2008E-D6C2-4E21-96B1-604D79EFE4D2}.Debug|Any CPU.Build.0 = Debug|Any CPU
		{B4E2008E-D6C2-4E21-96B1-604D79EFE4D2}.Debug|x64.ActiveCfg = Debug|Any CPU
		{B4E2008E-D6C2-4E21-96B1-604D79EFE4D2}.Debug|x64.Build.0 = Debug|Any CPU
		{B4E2008E-D6C2-4E21-96B1-604D79EFE4D2}.Debug|x86.ActiveCfg = Debug|Any CPU
		{B4E2008E-D6C2-4E21-96B1-604D79EFE4D2}.Debug|x86.Build.0 = Debug|Any CPU
		{B4E2008E-D6C2-4E21-96B1-604D79EFE4D2}.Release|Any CPU.ActiveCfg = Release|Any CPU
		{B4E2008E-D6C2-4E21-96B1-604D79EFE4D2}.Release|Any CPU.Build.0 = Release|Any CPU
		{B4E2008E-D6C2-4E21-96B1-604D79EFE4D2}.Release|x64.ActiveCfg = Release|Any CPU
		{B4E2008E-D6C2-4E21-96B1-604D79EFE4D2}.Release|x64.Build.0 = Release|Any CPU
		{B4E2008E-D6C2-4E21-96B1-604D79EFE4D2}.Release|x86.ActiveCfg = Release|Any CPU
		{B4E2008E-D6C2-4E21-96B1-604D79EFE4D2}.Release|x86.Build.0 = Release|Any CPU
		{F9820E34-125B-4A70-838E-59C57E3CE9B6}.Debug|Any CPU.ActiveCfg = Debug|Any CPU
		{F9820E34-125B-4A70-838E-59C57E3CE9B6}.Debug|Any CPU.Build.0 = Debug|Any CPU
		{F9820E34-125B-4A70-838E-59C57E3CE9B6}.Debug|x64.ActiveCfg = Debug|Any CPU
		{F9820E34-125B-4A70-838E-59C57E3CE9B6}.Debug|x64.Build.0 = Debug|Any CPU
		{F9820E34-125B-4A70-838E-59C57E3CE9B6}.Debug|x86.ActiveCfg = Debug|Any CPU
		{F9820E34-125B-4A70-838E-59C57E3CE9B6}.Debug|x86.Build.0 = Debug|Any CPU
		{F9820E34-125B-4A70-838E-59C57E3CE9B6}.Release|Any CPU.ActiveCfg = Release|Any CPU
		{F9820E34-125B-4A70-838E-59C57E3CE9B6}.Release|Any CPU.Build.0 = Release|Any CPU
		{F9820E34-125B-4A70-838E-59C57E3CE9B6}.Release|x64.ActiveCfg = Release|Any CPU
		{F9820E34-125B-4A70-838E-59C57E3CE9B6}.Release|x64.Build.0 = Release|Any CPU
		{F9820E34-125B-4A70-838E-59C57E3CE9B6}.Release|x86.ActiveCfg = Release|Any CPU
		{F9820E34-125B-4A70-838E-59C57E3CE9B6}.Release|x86.Build.0 = Release|Any CPU
		{83CD8967-7E3C-4DFB-9E38-124D0D1E646C}.Debug|Any CPU.ActiveCfg = Debug|Any CPU
		{83CD8967-7E3C-4DFB-9E38-124D0D1E646C}.Debug|Any CPU.Build.0 = Debug|Any CPU
		{83CD8967-7E3C-4DFB-9E38-124D0D1E646C}.Debug|x64.ActiveCfg = Debug|Any CPU
		{83CD8967-7E3C-4DFB-9E38-124D0D1E646C}.Debug|x64.Build.0 = Debug|Any CPU
		{83CD8967-7E3C-4DFB-9E38-124D0D1E646C}.Debug|x86.ActiveCfg = Debug|Any CPU
		{83CD8967-7E3C-4DFB-9E38-124D0D1E646C}.Debug|x86.Build.0 = Debug|Any CPU
		{83CD8967-7E3C-4DFB-9E38-124D0D1E646C}.Release|Any CPU.ActiveCfg = Release|Any CPU
		{83CD8967-7E3C-4DFB-9E38-124D0D1E646C}.Release|Any CPU.Build.0 = Release|Any CPU
		{83CD8967-7E3C-4DFB-9E38-124D0D1E646C}.Release|x64.ActiveCfg = Release|Any CPU
		{83CD8967-7E3C-4DFB-9E38-124D0D1E646C}.Release|x64.Build.0 = Release|Any CPU
		{83CD8967-7E3C-4DFB-9E38-124D0D1E646C}.Release|x86.ActiveCfg = Release|Any CPU
		{83CD8967-7E3C-4DFB-9E38-124D0D1E646C}.Release|x86.Build.0 = Release|Any CPU
		{34A628E8-0DB3-459E-B851-76DD13C0D5D0}.Debug|Any CPU.ActiveCfg = Debug|Any CPU
		{34A628E8-0DB3-459E-B851-76DD13C0D5D0}.Debug|Any CPU.Build.0 = Debug|Any CPU
		{34A628E8-0DB3-459E-B851-76DD13C0D5D0}.Debug|x64.ActiveCfg = Debug|Any CPU
		{34A628E8-0DB3-459E-B851-76DD13C0D5D0}.Debug|x64.Build.0 = Debug|Any CPU
		{34A628E8-0DB3-459E-B851-76DD13C0D5D0}.Debug|x86.ActiveCfg = Debug|Any CPU
		{34A628E8-0DB3-459E-B851-76DD13C0D5D0}.Debug|x86.Build.0 = Debug|Any CPU
		{34A628E8-0DB3-459E-B851-76DD13C0D5D0}.Release|Any CPU.ActiveCfg = Release|Any CPU
		{34A628E8-0DB3-459E-B851-76DD13C0D5D0}.Release|Any CPU.Build.0 = Release|Any CPU
		{34A628E8-0DB3-459E-B851-76DD13C0D5D0}.Release|x64.ActiveCfg = Release|Any CPU
		{34A628E8-0DB3-459E-B851-76DD13C0D5D0}.Release|x64.Build.0 = Release|Any CPU
		{34A628E8-0DB3-459E-B851-76DD13C0D5D0}.Release|x86.ActiveCfg = Release|Any CPU
		{34A628E8-0DB3-459E-B851-76DD13C0D5D0}.Release|x86.Build.0 = Release|Any CPU
		{F95244CB-89AC-4E99-8219-16F2956C8E9E}.Debug|Any CPU.ActiveCfg = Debug|Any CPU
		{F95244CB-89AC-4E99-8219-16F2956C8E9E}.Debug|Any CPU.Build.0 = Debug|Any CPU
		{F95244CB-89AC-4E99-8219-16F2956C8E9E}.Debug|x64.ActiveCfg = Debug|Any CPU
		{F95244CB-89AC-4E99-8219-16F2956C8E9E}.Debug|x64.Build.0 = Debug|Any CPU
		{F95244CB-89AC-4E99-8219-16F2956C8E9E}.Debug|x86.ActiveCfg = Debug|Any CPU
		{F95244CB-89AC-4E99-8219-16F2956C8E9E}.Debug|x86.Build.0 = Debug|Any CPU
		{F95244CB-89AC-4E99-8219-16F2956C8E9E}.Release|Any CPU.ActiveCfg = Release|Any CPU
		{F95244CB-89AC-4E99-8219-16F2956C8E9E}.Release|Any CPU.Build.0 = Release|Any CPU
		{F95244CB-89AC-4E99-8219-16F2956C8E9E}.Release|x64.ActiveCfg = Release|Any CPU
		{F95244CB-89AC-4E99-8219-16F2956C8E9E}.Release|x64.Build.0 = Release|Any CPU
		{F95244CB-89AC-4E99-8219-16F2956C8E9E}.Release|x86.ActiveCfg = Release|Any CPU
		{F95244CB-89AC-4E99-8219-16F2956C8E9E}.Release|x86.Build.0 = Release|Any CPU
		{8E0AED4F-A851-4C66-858B-C63008F45692}.Debug|Any CPU.ActiveCfg = Debug|Any CPU
		{8E0AED4F-A851-4C66-858B-C63008F45692}.Debug|Any CPU.Build.0 = Debug|Any CPU
		{8E0AED4F-A851-4C66-858B-C63008F45692}.Debug|x64.ActiveCfg = Debug|Any CPU
		{8E0AED4F-A851-4C66-858B-C63008F45692}.Debug|x64.Build.0 = Debug|Any CPU
		{8E0AED4F-A851-4C66-858B-C63008F45692}.Debug|x86.ActiveCfg = Debug|Any CPU
		{8E0AED4F-A851-4C66-858B-C63008F45692}.Debug|x86.Build.0 = Debug|Any CPU
		{8E0AED4F-A851-4C66-858B-C63008F45692}.Release|Any CPU.ActiveCfg = Release|Any CPU
		{8E0AED4F-A851-4C66-858B-C63008F45692}.Release|Any CPU.Build.0 = Release|Any CPU
		{8E0AED4F-A851-4C66-858B-C63008F45692}.Release|x64.ActiveCfg = Release|Any CPU
		{8E0AED4F-A851-4C66-858B-C63008F45692}.Release|x64.Build.0 = Release|Any CPU
		{8E0AED4F-A851-4C66-858B-C63008F45692}.Release|x86.ActiveCfg = Release|Any CPU
		{8E0AED4F-A851-4C66-858B-C63008F45692}.Release|x86.Build.0 = Release|Any CPU
		{023FFF62-0940-4250-97D0-09233243CD2C}.Debug|Any CPU.ActiveCfg = Debug|Any CPU
		{023FFF62-0940-4250-97D0-09233243CD2C}.Debug|Any CPU.Build.0 = Debug|Any CPU
		{023FFF62-0940-4250-97D0-09233243CD2C}.Debug|x64.ActiveCfg = Debug|Any CPU
		{023FFF62-0940-4250-97D0-09233243CD2C}.Debug|x64.Build.0 = Debug|Any CPU
		{023FFF62-0940-4250-97D0-09233243CD2C}.Debug|x86.ActiveCfg = Debug|Any CPU
		{023FFF62-0940-4250-97D0-09233243CD2C}.Debug|x86.Build.0 = Debug|Any CPU
		{023FFF62-0940-4250-97D0-09233243CD2C}.Release|Any CPU.ActiveCfg = Release|Any CPU
		{023FFF62-0940-4250-97D0-09233243CD2C}.Release|Any CPU.Build.0 = Release|Any CPU
		{023FFF62-0940-4250-97D0-09233243CD2C}.Release|x64.ActiveCfg = Release|Any CPU
		{023FFF62-0940-4250-97D0-09233243CD2C}.Release|x64.Build.0 = Release|Any CPU
		{023FFF62-0940-4250-97D0-09233243CD2C}.Release|x86.ActiveCfg = Release|Any CPU
		{023FFF62-0940-4250-97D0-09233243CD2C}.Release|x86.Build.0 = Release|Any CPU
		{3EE3881C-7801-4347-88CE-6CC6B422155C}.Debug|Any CPU.ActiveCfg = Debug|Any CPU
		{3EE3881C-7801-4347-88CE-6CC6B422155C}.Debug|Any CPU.Build.0 = Debug|Any CPU
		{3EE3881C-7801-4347-88CE-6CC6B422155C}.Debug|x64.ActiveCfg = Debug|Any CPU
		{3EE3881C-7801-4347-88CE-6CC6B422155C}.Debug|x64.Build.0 = Debug|Any CPU
		{3EE3881C-7801-4347-88CE-6CC6B422155C}.Debug|x86.ActiveCfg = Debug|Any CPU
		{3EE3881C-7801-4347-88CE-6CC6B422155C}.Debug|x86.Build.0 = Debug|Any CPU
		{3EE3881C-7801-4347-88CE-6CC6B422155C}.Release|Any CPU.ActiveCfg = Release|Any CPU
		{3EE3881C-7801-4347-88CE-6CC6B422155C}.Release|Any CPU.Build.0 = Release|Any CPU
		{3EE3881C-7801-4347-88CE-6CC6B422155C}.Release|x64.ActiveCfg = Release|Any CPU
		{3EE3881C-7801-4347-88CE-6CC6B422155C}.Release|x64.Build.0 = Release|Any CPU
		{3EE3881C-7801-4347-88CE-6CC6B422155C}.Release|x86.ActiveCfg = Release|Any CPU
		{3EE3881C-7801-4347-88CE-6CC6B422155C}.Release|x86.Build.0 = Release|Any CPU
		{1CB8113B-CDF1-47BC-9BC9-E9D1C7C9B8DF}.Debug|Any CPU.ActiveCfg = Debug|Any CPU
		{1CB8113B-CDF1-47BC-9BC9-E9D1C7C9B8DF}.Debug|Any CPU.Build.0 = Debug|Any CPU
		{1CB8113B-CDF1-47BC-9BC9-E9D1C7C9B8DF}.Debug|x64.ActiveCfg = Debug|Any CPU
		{1CB8113B-CDF1-47BC-9BC9-E9D1C7C9B8DF}.Debug|x64.Build.0 = Debug|Any CPU
		{1CB8113B-CDF1-47BC-9BC9-E9D1C7C9B8DF}.Debug|x86.ActiveCfg = Debug|Any CPU
		{1CB8113B-CDF1-47BC-9BC9-E9D1C7C9B8DF}.Debug|x86.Build.0 = Debug|Any CPU
		{1CB8113B-CDF1-47BC-9BC9-E9D1C7C9B8DF}.Release|Any CPU.ActiveCfg = Release|Any CPU
		{1CB8113B-CDF1-47BC-9BC9-E9D1C7C9B8DF}.Release|Any CPU.Build.0 = Release|Any CPU
		{1CB8113B-CDF1-47BC-9BC9-E9D1C7C9B8DF}.Release|x64.ActiveCfg = Release|Any CPU
		{1CB8113B-CDF1-47BC-9BC9-E9D1C7C9B8DF}.Release|x64.Build.0 = Release|Any CPU
		{1CB8113B-CDF1-47BC-9BC9-E9D1C7C9B8DF}.Release|x86.ActiveCfg = Release|Any CPU
		{1CB8113B-CDF1-47BC-9BC9-E9D1C7C9B8DF}.Release|x86.Build.0 = Release|Any CPU
		{13AFB85B-3CFF-47DC-8CFB-6EBECF179934}.Debug|Any CPU.ActiveCfg = Debug|Any CPU
		{13AFB85B-3CFF-47DC-8CFB-6EBECF179934}.Debug|Any CPU.Build.0 = Debug|Any CPU
		{13AFB85B-3CFF-47DC-8CFB-6EBECF179934}.Debug|x64.ActiveCfg = Debug|Any CPU
		{13AFB85B-3CFF-47DC-8CFB-6EBECF179934}.Debug|x64.Build.0 = Debug|Any CPU
		{13AFB85B-3CFF-47DC-8CFB-6EBECF179934}.Debug|x86.ActiveCfg = Debug|Any CPU
		{13AFB85B-3CFF-47DC-8CFB-6EBECF179934}.Debug|x86.Build.0 = Debug|Any CPU
		{13AFB85B-3CFF-47DC-8CFB-6EBECF179934}.Release|Any CPU.ActiveCfg = Release|Any CPU
		{13AFB85B-3CFF-47DC-8CFB-6EBECF179934}.Release|Any CPU.Build.0 = Release|Any CPU
		{13AFB85B-3CFF-47DC-8CFB-6EBECF179934}.Release|x64.ActiveCfg = Release|Any CPU
		{13AFB85B-3CFF-47DC-8CFB-6EBECF179934}.Release|x64.Build.0 = Release|Any CPU
		{13AFB85B-3CFF-47DC-8CFB-6EBECF179934}.Release|x86.ActiveCfg = Release|Any CPU
		{13AFB85B-3CFF-47DC-8CFB-6EBECF179934}.Release|x86.Build.0 = Release|Any CPU
		{79B917BC-2A32-4B1B-B736-870DF1D0C93B}.Debug|Any CPU.ActiveCfg = Debug|Any CPU
		{79B917BC-2A32-4B1B-B736-870DF1D0C93B}.Debug|Any CPU.Build.0 = Debug|Any CPU
		{79B917BC-2A32-4B1B-B736-870DF1D0C93B}.Debug|x64.ActiveCfg = Debug|Any CPU
		{79B917BC-2A32-4B1B-B736-870DF1D0C93B}.Debug|x64.Build.0 = Debug|Any CPU
		{79B917BC-2A32-4B1B-B736-870DF1D0C93B}.Debug|x86.ActiveCfg = Debug|Any CPU
		{79B917BC-2A32-4B1B-B736-870DF1D0C93B}.Debug|x86.Build.0 = Debug|Any CPU
		{79B917BC-2A32-4B1B-B736-870DF1D0C93B}.Release|Any CPU.ActiveCfg = Release|Any CPU
		{79B917BC-2A32-4B1B-B736-870DF1D0C93B}.Release|Any CPU.Build.0 = Release|Any CPU
		{79B917BC-2A32-4B1B-B736-870DF1D0C93B}.Release|x64.ActiveCfg = Release|Any CPU
		{79B917BC-2A32-4B1B-B736-870DF1D0C93B}.Release|x64.Build.0 = Release|Any CPU
		{79B917BC-2A32-4B1B-B736-870DF1D0C93B}.Release|x86.ActiveCfg = Release|Any CPU
		{79B917BC-2A32-4B1B-B736-870DF1D0C93B}.Release|x86.Build.0 = Release|Any CPU
		{D2F77998-26B3-410C-AD24-C8B1E29E8CA6}.Debug|Any CPU.ActiveCfg = Debug|Any CPU
		{D2F77998-26B3-410C-AD24-C8B1E29E8CA6}.Debug|Any CPU.Build.0 = Debug|Any CPU
		{D2F77998-26B3-410C-AD24-C8B1E29E8CA6}.Debug|x64.ActiveCfg = Debug|Any CPU
		{D2F77998-26B3-410C-AD24-C8B1E29E8CA6}.Debug|x64.Build.0 = Debug|Any CPU
		{D2F77998-26B3-410C-AD24-C8B1E29E8CA6}.Debug|x86.ActiveCfg = Debug|Any CPU
		{D2F77998-26B3-410C-AD24-C8B1E29E8CA6}.Debug|x86.Build.0 = Debug|Any CPU
		{D2F77998-26B3-410C-AD24-C8B1E29E8CA6}.Release|Any CPU.ActiveCfg = Release|Any CPU
		{D2F77998-26B3-410C-AD24-C8B1E29E8CA6}.Release|Any CPU.Build.0 = Release|Any CPU
		{D2F77998-26B3-410C-AD24-C8B1E29E8CA6}.Release|x64.ActiveCfg = Release|Any CPU
		{D2F77998-26B3-410C-AD24-C8B1E29E8CA6}.Release|x64.Build.0 = Release|Any CPU
		{D2F77998-26B3-410C-AD24-C8B1E29E8CA6}.Release|x86.ActiveCfg = Release|Any CPU
		{D2F77998-26B3-410C-AD24-C8B1E29E8CA6}.Release|x86.Build.0 = Release|Any CPU
		{D1F410E9-2A67-493B-984D-F0CDF6E466AD}.Debug|Any CPU.ActiveCfg = Debug|Any CPU
		{D1F410E9-2A67-493B-984D-F0CDF6E466AD}.Debug|Any CPU.Build.0 = Debug|Any CPU
		{D1F410E9-2A67-493B-984D-F0CDF6E466AD}.Debug|x64.ActiveCfg = Debug|Any CPU
		{D1F410E9-2A67-493B-984D-F0CDF6E466AD}.Debug|x64.Build.0 = Debug|Any CPU
		{D1F410E9-2A67-493B-984D-F0CDF6E466AD}.Debug|x86.ActiveCfg = Debug|Any CPU
		{D1F410E9-2A67-493B-984D-F0CDF6E466AD}.Debug|x86.Build.0 = Debug|Any CPU
		{D1F410E9-2A67-493B-984D-F0CDF6E466AD}.Release|Any CPU.ActiveCfg = Release|Any CPU
		{D1F410E9-2A67-493B-984D-F0CDF6E466AD}.Release|Any CPU.Build.0 = Release|Any CPU
		{D1F410E9-2A67-493B-984D-F0CDF6E466AD}.Release|x64.ActiveCfg = Release|Any CPU
		{D1F410E9-2A67-493B-984D-F0CDF6E466AD}.Release|x64.Build.0 = Release|Any CPU
		{D1F410E9-2A67-493B-984D-F0CDF6E466AD}.Release|x86.ActiveCfg = Release|Any CPU
		{D1F410E9-2A67-493B-984D-F0CDF6E466AD}.Release|x86.Build.0 = Release|Any CPU
		{74207094-8027-4F46-B9E6-41D056D89FD1}.Debug|Any CPU.ActiveCfg = Debug|Any CPU
		{74207094-8027-4F46-B9E6-41D056D89FD1}.Debug|Any CPU.Build.0 = Debug|Any CPU
		{74207094-8027-4F46-B9E6-41D056D89FD1}.Debug|x64.ActiveCfg = Debug|Any CPU
		{74207094-8027-4F46-B9E6-41D056D89FD1}.Debug|x64.Build.0 = Debug|Any CPU
		{74207094-8027-4F46-B9E6-41D056D89FD1}.Debug|x86.ActiveCfg = Debug|Any CPU
		{74207094-8027-4F46-B9E6-41D056D89FD1}.Debug|x86.Build.0 = Debug|Any CPU
		{74207094-8027-4F46-B9E6-41D056D89FD1}.Release|Any CPU.ActiveCfg = Release|Any CPU
		{74207094-8027-4F46-B9E6-41D056D89FD1}.Release|Any CPU.Build.0 = Release|Any CPU
		{74207094-8027-4F46-B9E6-41D056D89FD1}.Release|x64.ActiveCfg = Release|Any CPU
		{74207094-8027-4F46-B9E6-41D056D89FD1}.Release|x64.Build.0 = Release|Any CPU
		{74207094-8027-4F46-B9E6-41D056D89FD1}.Release|x86.ActiveCfg = Release|Any CPU
		{74207094-8027-4F46-B9E6-41D056D89FD1}.Release|x86.Build.0 = Release|Any CPU
		{3334E330-EBF6-4174-B039-FFB00E98E04B}.Debug|Any CPU.ActiveCfg = Debug|Any CPU
		{3334E330-EBF6-4174-B039-FFB00E98E04B}.Debug|Any CPU.Build.0 = Debug|Any CPU
		{3334E330-EBF6-4174-B039-FFB00E98E04B}.Debug|x64.ActiveCfg = Debug|Any CPU
		{3334E330-EBF6-4174-B039-FFB00E98E04B}.Debug|x64.Build.0 = Debug|Any CPU
		{3334E330-EBF6-4174-B039-FFB00E98E04B}.Debug|x86.ActiveCfg = Debug|Any CPU
		{3334E330-EBF6-4174-B039-FFB00E98E04B}.Debug|x86.Build.0 = Debug|Any CPU
		{3334E330-EBF6-4174-B039-FFB00E98E04B}.Release|Any CPU.ActiveCfg = Release|Any CPU
		{3334E330-EBF6-4174-B039-FFB00E98E04B}.Release|Any CPU.Build.0 = Release|Any CPU
		{3334E330-EBF6-4174-B039-FFB00E98E04B}.Release|x64.ActiveCfg = Release|Any CPU
		{3334E330-EBF6-4174-B039-FFB00E98E04B}.Release|x64.Build.0 = Release|Any CPU
		{3334E330-EBF6-4174-B039-FFB00E98E04B}.Release|x86.ActiveCfg = Release|Any CPU
		{3334E330-EBF6-4174-B039-FFB00E98E04B}.Release|x86.Build.0 = Release|Any CPU
		{77A5D01F-6F67-4CD0-9AD5-48A510FC5986}.Debug|Any CPU.ActiveCfg = Debug|Any CPU
		{77A5D01F-6F67-4CD0-9AD5-48A510FC5986}.Debug|Any CPU.Build.0 = Debug|Any CPU
		{77A5D01F-6F67-4CD0-9AD5-48A510FC5986}.Debug|x64.ActiveCfg = Debug|Any CPU
		{77A5D01F-6F67-4CD0-9AD5-48A510FC5986}.Debug|x64.Build.0 = Debug|Any CPU
		{77A5D01F-6F67-4CD0-9AD5-48A510FC5986}.Debug|x86.ActiveCfg = Debug|Any CPU
		{77A5D01F-6F67-4CD0-9AD5-48A510FC5986}.Debug|x86.Build.0 = Debug|Any CPU
		{77A5D01F-6F67-4CD0-9AD5-48A510FC5986}.Release|Any CPU.ActiveCfg = Release|Any CPU
		{77A5D01F-6F67-4CD0-9AD5-48A510FC5986}.Release|Any CPU.Build.0 = Release|Any CPU
		{77A5D01F-6F67-4CD0-9AD5-48A510FC5986}.Release|x64.ActiveCfg = Release|Any CPU
		{77A5D01F-6F67-4CD0-9AD5-48A510FC5986}.Release|x64.Build.0 = Release|Any CPU
		{77A5D01F-6F67-4CD0-9AD5-48A510FC5986}.Release|x86.ActiveCfg = Release|Any CPU
		{77A5D01F-6F67-4CD0-9AD5-48A510FC5986}.Release|x86.Build.0 = Release|Any CPU
		{71F0F10E-FB50-4EC6-9AC6-919A55B70A85}.Debug|Any CPU.ActiveCfg = Debug|Any CPU
		{71F0F10E-FB50-4EC6-9AC6-919A55B70A85}.Debug|Any CPU.Build.0 = Debug|Any CPU
		{71F0F10E-FB50-4EC6-9AC6-919A55B70A85}.Debug|x64.ActiveCfg = Debug|Any CPU
		{71F0F10E-FB50-4EC6-9AC6-919A55B70A85}.Debug|x64.Build.0 = Debug|Any CPU
		{71F0F10E-FB50-4EC6-9AC6-919A55B70A85}.Debug|x86.ActiveCfg = Debug|Any CPU
		{71F0F10E-FB50-4EC6-9AC6-919A55B70A85}.Debug|x86.Build.0 = Debug|Any CPU
		{71F0F10E-FB50-4EC6-9AC6-919A55B70A85}.Release|Any CPU.ActiveCfg = Release|Any CPU
		{71F0F10E-FB50-4EC6-9AC6-919A55B70A85}.Release|Any CPU.Build.0 = Release|Any CPU
		{71F0F10E-FB50-4EC6-9AC6-919A55B70A85}.Release|x64.ActiveCfg = Release|Any CPU
		{71F0F10E-FB50-4EC6-9AC6-919A55B70A85}.Release|x64.Build.0 = Release|Any CPU
		{71F0F10E-FB50-4EC6-9AC6-919A55B70A85}.Release|x86.ActiveCfg = Release|Any CPU
		{71F0F10E-FB50-4EC6-9AC6-919A55B70A85}.Release|x86.Build.0 = Release|Any CPU
		{650FFD9A-CEF9-413E-9B5C-08359642537C}.Debug|Any CPU.ActiveCfg = Debug|Any CPU
		{650FFD9A-CEF9-413E-9B5C-08359642537C}.Debug|Any CPU.Build.0 = Debug|Any CPU
		{650FFD9A-CEF9-413E-9B5C-08359642537C}.Debug|x64.ActiveCfg = Debug|Any CPU
		{650FFD9A-CEF9-413E-9B5C-08359642537C}.Debug|x64.Build.0 = Debug|Any CPU
		{650FFD9A-CEF9-413E-9B5C-08359642537C}.Debug|x86.ActiveCfg = Debug|Any CPU
		{650FFD9A-CEF9-413E-9B5C-08359642537C}.Debug|x86.Build.0 = Debug|Any CPU
		{650FFD9A-CEF9-413E-9B5C-08359642537C}.Release|Any CPU.ActiveCfg = Release|Any CPU
		{650FFD9A-CEF9-413E-9B5C-08359642537C}.Release|Any CPU.Build.0 = Release|Any CPU
		{650FFD9A-CEF9-413E-9B5C-08359642537C}.Release|x64.ActiveCfg = Release|Any CPU
		{650FFD9A-CEF9-413E-9B5C-08359642537C}.Release|x64.Build.0 = Release|Any CPU
		{650FFD9A-CEF9-413E-9B5C-08359642537C}.Release|x86.ActiveCfg = Release|Any CPU
		{650FFD9A-CEF9-413E-9B5C-08359642537C}.Release|x86.Build.0 = Release|Any CPU
		{0DB21F66-9ED6-4162-81D6-DB8822F12FD7}.Debug|Any CPU.ActiveCfg = Debug|Any CPU
		{0DB21F66-9ED6-4162-81D6-DB8822F12FD7}.Debug|Any CPU.Build.0 = Debug|Any CPU
		{0DB21F66-9ED6-4162-81D6-DB8822F12FD7}.Debug|x64.ActiveCfg = Debug|Any CPU
		{0DB21F66-9ED6-4162-81D6-DB8822F12FD7}.Debug|x64.Build.0 = Debug|Any CPU
		{0DB21F66-9ED6-4162-81D6-DB8822F12FD7}.Debug|x86.ActiveCfg = Debug|Any CPU
		{0DB21F66-9ED6-4162-81D6-DB8822F12FD7}.Debug|x86.Build.0 = Debug|Any CPU
		{0DB21F66-9ED6-4162-81D6-DB8822F12FD7}.Release|Any CPU.ActiveCfg = Release|Any CPU
		{0DB21F66-9ED6-4162-81D6-DB8822F12FD7}.Release|Any CPU.Build.0 = Release|Any CPU
		{0DB21F66-9ED6-4162-81D6-DB8822F12FD7}.Release|x64.ActiveCfg = Release|Any CPU
		{0DB21F66-9ED6-4162-81D6-DB8822F12FD7}.Release|x64.Build.0 = Release|Any CPU
		{0DB21F66-9ED6-4162-81D6-DB8822F12FD7}.Release|x86.ActiveCfg = Release|Any CPU
		{0DB21F66-9ED6-4162-81D6-DB8822F12FD7}.Release|x86.Build.0 = Release|Any CPU
		{1A4B217A-0DAB-4523-944A-F750D112F21F}.Debug|Any CPU.ActiveCfg = Debug|Any CPU
		{1A4B217A-0DAB-4523-944A-F750D112F21F}.Debug|Any CPU.Build.0 = Debug|Any CPU
		{1A4B217A-0DAB-4523-944A-F750D112F21F}.Debug|x64.ActiveCfg = Debug|Any CPU
		{1A4B217A-0DAB-4523-944A-F750D112F21F}.Debug|x64.Build.0 = Debug|Any CPU
		{1A4B217A-0DAB-4523-944A-F750D112F21F}.Debug|x86.ActiveCfg = Debug|Any CPU
		{1A4B217A-0DAB-4523-944A-F750D112F21F}.Debug|x86.Build.0 = Debug|Any CPU
		{1A4B217A-0DAB-4523-944A-F750D112F21F}.Release|Any CPU.ActiveCfg = Release|Any CPU
		{1A4B217A-0DAB-4523-944A-F750D112F21F}.Release|Any CPU.Build.0 = Release|Any CPU
		{1A4B217A-0DAB-4523-944A-F750D112F21F}.Release|x64.ActiveCfg = Release|Any CPU
		{1A4B217A-0DAB-4523-944A-F750D112F21F}.Release|x64.Build.0 = Release|Any CPU
		{1A4B217A-0DAB-4523-944A-F750D112F21F}.Release|x86.ActiveCfg = Release|Any CPU
		{1A4B217A-0DAB-4523-944A-F750D112F21F}.Release|x86.Build.0 = Release|Any CPU
		{D2B279A7-144E-4C14-B4FC-2D30BD4DA42A}.Debug|Any CPU.ActiveCfg = Debug|Any CPU
		{D2B279A7-144E-4C14-B4FC-2D30BD4DA42A}.Debug|Any CPU.Build.0 = Debug|Any CPU
		{D2B279A7-144E-4C14-B4FC-2D30BD4DA42A}.Debug|x64.ActiveCfg = Debug|Any CPU
		{D2B279A7-144E-4C14-B4FC-2D30BD4DA42A}.Debug|x64.Build.0 = Debug|Any CPU
		{D2B279A7-144E-4C14-B4FC-2D30BD4DA42A}.Debug|x86.ActiveCfg = Debug|Any CPU
		{D2B279A7-144E-4C14-B4FC-2D30BD4DA42A}.Debug|x86.Build.0 = Debug|Any CPU
		{D2B279A7-144E-4C14-B4FC-2D30BD4DA42A}.Release|Any CPU.ActiveCfg = Release|Any CPU
		{D2B279A7-144E-4C14-B4FC-2D30BD4DA42A}.Release|Any CPU.Build.0 = Release|Any CPU
		{D2B279A7-144E-4C14-B4FC-2D30BD4DA42A}.Release|x64.ActiveCfg = Release|Any CPU
		{D2B279A7-144E-4C14-B4FC-2D30BD4DA42A}.Release|x64.Build.0 = Release|Any CPU
		{D2B279A7-144E-4C14-B4FC-2D30BD4DA42A}.Release|x86.ActiveCfg = Release|Any CPU
		{D2B279A7-144E-4C14-B4FC-2D30BD4DA42A}.Release|x86.Build.0 = Release|Any CPU
		{14F4B23D-2E72-4535-A8B5-5AFDB77D2007}.Debug|Any CPU.ActiveCfg = Debug|Any CPU
		{14F4B23D-2E72-4535-A8B5-5AFDB77D2007}.Debug|Any CPU.Build.0 = Debug|Any CPU
		{14F4B23D-2E72-4535-A8B5-5AFDB77D2007}.Debug|x64.ActiveCfg = Debug|Any CPU
		{14F4B23D-2E72-4535-A8B5-5AFDB77D2007}.Debug|x64.Build.0 = Debug|Any CPU
		{14F4B23D-2E72-4535-A8B5-5AFDB77D2007}.Debug|x86.ActiveCfg = Debug|Any CPU
		{14F4B23D-2E72-4535-A8B5-5AFDB77D2007}.Debug|x86.Build.0 = Debug|Any CPU
		{14F4B23D-2E72-4535-A8B5-5AFDB77D2007}.Release|Any CPU.ActiveCfg = Release|Any CPU
		{14F4B23D-2E72-4535-A8B5-5AFDB77D2007}.Release|Any CPU.Build.0 = Release|Any CPU
		{14F4B23D-2E72-4535-A8B5-5AFDB77D2007}.Release|x64.ActiveCfg = Release|Any CPU
		{14F4B23D-2E72-4535-A8B5-5AFDB77D2007}.Release|x64.Build.0 = Release|Any CPU
		{14F4B23D-2E72-4535-A8B5-5AFDB77D2007}.Release|x86.ActiveCfg = Release|Any CPU
		{14F4B23D-2E72-4535-A8B5-5AFDB77D2007}.Release|x86.Build.0 = Release|Any CPU
		{8C2EDC7C-7B99-4F65-B3D9-CB46DAA4C431}.Debug|Any CPU.ActiveCfg = Debug|Any CPU
		{8C2EDC7C-7B99-4F65-B3D9-CB46DAA4C431}.Debug|Any CPU.Build.0 = Debug|Any CPU
		{8C2EDC7C-7B99-4F65-B3D9-CB46DAA4C431}.Debug|x64.ActiveCfg = Debug|Any CPU
		{8C2EDC7C-7B99-4F65-B3D9-CB46DAA4C431}.Debug|x64.Build.0 = Debug|Any CPU
		{8C2EDC7C-7B99-4F65-B3D9-CB46DAA4C431}.Debug|x86.ActiveCfg = Debug|Any CPU
		{8C2EDC7C-7B99-4F65-B3D9-CB46DAA4C431}.Debug|x86.Build.0 = Debug|Any CPU
		{8C2EDC7C-7B99-4F65-B3D9-CB46DAA4C431}.Release|Any CPU.ActiveCfg = Release|Any CPU
		{8C2EDC7C-7B99-4F65-B3D9-CB46DAA4C431}.Release|Any CPU.Build.0 = Release|Any CPU
		{8C2EDC7C-7B99-4F65-B3D9-CB46DAA4C431}.Release|x64.ActiveCfg = Release|Any CPU
		{8C2EDC7C-7B99-4F65-B3D9-CB46DAA4C431}.Release|x64.Build.0 = Release|Any CPU
		{8C2EDC7C-7B99-4F65-B3D9-CB46DAA4C431}.Release|x86.ActiveCfg = Release|Any CPU
		{8C2EDC7C-7B99-4F65-B3D9-CB46DAA4C431}.Release|x86.Build.0 = Release|Any CPU
		{8176A291-0200-42C1-8B53-2C0B27116E39}.Debug|Any CPU.ActiveCfg = Debug|Any CPU
		{8176A291-0200-42C1-8B53-2C0B27116E39}.Debug|Any CPU.Build.0 = Debug|Any CPU
		{8176A291-0200-42C1-8B53-2C0B27116E39}.Debug|x64.ActiveCfg = Debug|Any CPU
		{8176A291-0200-42C1-8B53-2C0B27116E39}.Debug|x64.Build.0 = Debug|Any CPU
		{8176A291-0200-42C1-8B53-2C0B27116E39}.Debug|x86.ActiveCfg = Debug|Any CPU
		{8176A291-0200-42C1-8B53-2C0B27116E39}.Debug|x86.Build.0 = Debug|Any CPU
		{8176A291-0200-42C1-8B53-2C0B27116E39}.Release|Any CPU.ActiveCfg = Release|Any CPU
		{8176A291-0200-42C1-8B53-2C0B27116E39}.Release|Any CPU.Build.0 = Release|Any CPU
		{8176A291-0200-42C1-8B53-2C0B27116E39}.Release|x64.ActiveCfg = Release|Any CPU
		{8176A291-0200-42C1-8B53-2C0B27116E39}.Release|x64.Build.0 = Release|Any CPU
		{8176A291-0200-42C1-8B53-2C0B27116E39}.Release|x86.ActiveCfg = Release|Any CPU
		{8176A291-0200-42C1-8B53-2C0B27116E39}.Release|x86.Build.0 = Release|Any CPU
		{85AF487E-2C18-494A-BCB6-172DD50C5B7F}.Debug|Any CPU.ActiveCfg = Debug|Any CPU
		{85AF487E-2C18-494A-BCB6-172DD50C5B7F}.Debug|Any CPU.Build.0 = Debug|Any CPU
		{85AF487E-2C18-494A-BCB6-172DD50C5B7F}.Debug|x64.ActiveCfg = Debug|Any CPU
		{85AF487E-2C18-494A-BCB6-172DD50C5B7F}.Debug|x64.Build.0 = Debug|Any CPU
		{85AF487E-2C18-494A-BCB6-172DD50C5B7F}.Debug|x86.ActiveCfg = Debug|Any CPU
		{85AF487E-2C18-494A-BCB6-172DD50C5B7F}.Debug|x86.Build.0 = Debug|Any CPU
		{85AF487E-2C18-494A-BCB6-172DD50C5B7F}.Release|Any CPU.ActiveCfg = Release|Any CPU
		{85AF487E-2C18-494A-BCB6-172DD50C5B7F}.Release|Any CPU.Build.0 = Release|Any CPU
		{85AF487E-2C18-494A-BCB6-172DD50C5B7F}.Release|x64.ActiveCfg = Release|Any CPU
		{85AF487E-2C18-494A-BCB6-172DD50C5B7F}.Release|x64.Build.0 = Release|Any CPU
		{85AF487E-2C18-494A-BCB6-172DD50C5B7F}.Release|x86.ActiveCfg = Release|Any CPU
		{85AF487E-2C18-494A-BCB6-172DD50C5B7F}.Release|x86.Build.0 = Release|Any CPU
		{42BCC8F2-7C40-4046-A639-A9AF5349A97C}.Debug|Any CPU.ActiveCfg = Debug|Any CPU
		{42BCC8F2-7C40-4046-A639-A9AF5349A97C}.Debug|Any CPU.Build.0 = Debug|Any CPU
		{42BCC8F2-7C40-4046-A639-A9AF5349A97C}.Debug|x64.ActiveCfg = Debug|Any CPU
		{42BCC8F2-7C40-4046-A639-A9AF5349A97C}.Debug|x64.Build.0 = Debug|Any CPU
		{42BCC8F2-7C40-4046-A639-A9AF5349A97C}.Debug|x86.ActiveCfg = Debug|Any CPU
		{42BCC8F2-7C40-4046-A639-A9AF5349A97C}.Debug|x86.Build.0 = Debug|Any CPU
		{42BCC8F2-7C40-4046-A639-A9AF5349A97C}.Release|Any CPU.ActiveCfg = Release|Any CPU
		{42BCC8F2-7C40-4046-A639-A9AF5349A97C}.Release|Any CPU.Build.0 = Release|Any CPU
		{42BCC8F2-7C40-4046-A639-A9AF5349A97C}.Release|x64.ActiveCfg = Release|Any CPU
		{42BCC8F2-7C40-4046-A639-A9AF5349A97C}.Release|x64.Build.0 = Release|Any CPU
		{42BCC8F2-7C40-4046-A639-A9AF5349A97C}.Release|x86.ActiveCfg = Release|Any CPU
		{42BCC8F2-7C40-4046-A639-A9AF5349A97C}.Release|x86.Build.0 = Release|Any CPU
		{B0BD7860-80AA-4CA1-AD20-DE8E6129B5DD}.Debug|Any CPU.ActiveCfg = Debug|Any CPU
		{B0BD7860-80AA-4CA1-AD20-DE8E6129B5DD}.Debug|Any CPU.Build.0 = Debug|Any CPU
		{B0BD7860-80AA-4CA1-AD20-DE8E6129B5DD}.Debug|x64.ActiveCfg = Debug|Any CPU
		{B0BD7860-80AA-4CA1-AD20-DE8E6129B5DD}.Debug|x64.Build.0 = Debug|Any CPU
		{B0BD7860-80AA-4CA1-AD20-DE8E6129B5DD}.Debug|x86.ActiveCfg = Debug|Any CPU
		{B0BD7860-80AA-4CA1-AD20-DE8E6129B5DD}.Debug|x86.Build.0 = Debug|Any CPU
		{B0BD7860-80AA-4CA1-AD20-DE8E6129B5DD}.Release|Any CPU.ActiveCfg = Release|Any CPU
		{B0BD7860-80AA-4CA1-AD20-DE8E6129B5DD}.Release|Any CPU.Build.0 = Release|Any CPU
		{B0BD7860-80AA-4CA1-AD20-DE8E6129B5DD}.Release|x64.ActiveCfg = Release|Any CPU
		{B0BD7860-80AA-4CA1-AD20-DE8E6129B5DD}.Release|x64.Build.0 = Release|Any CPU
		{B0BD7860-80AA-4CA1-AD20-DE8E6129B5DD}.Release|x86.ActiveCfg = Release|Any CPU
		{B0BD7860-80AA-4CA1-AD20-DE8E6129B5DD}.Release|x86.Build.0 = Release|Any CPU
		{AA0CC522-BC22-42A5-8743-D0CF27FC743A}.Debug|Any CPU.ActiveCfg = Debug|Any CPU
		{AA0CC522-BC22-42A5-8743-D0CF27FC743A}.Debug|Any CPU.Build.0 = Debug|Any CPU
		{AA0CC522-BC22-42A5-8743-D0CF27FC743A}.Debug|x64.ActiveCfg = Debug|Any CPU
		{AA0CC522-BC22-42A5-8743-D0CF27FC743A}.Debug|x64.Build.0 = Debug|Any CPU
		{AA0CC522-BC22-42A5-8743-D0CF27FC743A}.Debug|x86.ActiveCfg = Debug|Any CPU
		{AA0CC522-BC22-42A5-8743-D0CF27FC743A}.Debug|x86.Build.0 = Debug|Any CPU
		{AA0CC522-BC22-42A5-8743-D0CF27FC743A}.Release|Any CPU.ActiveCfg = Release|Any CPU
		{AA0CC522-BC22-42A5-8743-D0CF27FC743A}.Release|Any CPU.Build.0 = Release|Any CPU
		{AA0CC522-BC22-42A5-8743-D0CF27FC743A}.Release|x64.ActiveCfg = Release|Any CPU
		{AA0CC522-BC22-42A5-8743-D0CF27FC743A}.Release|x64.Build.0 = Release|Any CPU
		{AA0CC522-BC22-42A5-8743-D0CF27FC743A}.Release|x86.ActiveCfg = Release|Any CPU
		{AA0CC522-BC22-42A5-8743-D0CF27FC743A}.Release|x86.Build.0 = Release|Any CPU
		{FF9379B1-4732-4EC3-8907-BF6581C3C2B6}.Debug|Any CPU.ActiveCfg = Debug|Any CPU
		{FF9379B1-4732-4EC3-8907-BF6581C3C2B6}.Debug|Any CPU.Build.0 = Debug|Any CPU
		{FF9379B1-4732-4EC3-8907-BF6581C3C2B6}.Debug|x64.ActiveCfg = Debug|Any CPU
		{FF9379B1-4732-4EC3-8907-BF6581C3C2B6}.Debug|x64.Build.0 = Debug|Any CPU
		{FF9379B1-4732-4EC3-8907-BF6581C3C2B6}.Debug|x86.ActiveCfg = Debug|Any CPU
		{FF9379B1-4732-4EC3-8907-BF6581C3C2B6}.Debug|x86.Build.0 = Debug|Any CPU
		{FF9379B1-4732-4EC3-8907-BF6581C3C2B6}.Release|Any CPU.ActiveCfg = Release|Any CPU
		{FF9379B1-4732-4EC3-8907-BF6581C3C2B6}.Release|Any CPU.Build.0 = Release|Any CPU
		{FF9379B1-4732-4EC3-8907-BF6581C3C2B6}.Release|x64.ActiveCfg = Release|Any CPU
		{FF9379B1-4732-4EC3-8907-BF6581C3C2B6}.Release|x64.Build.0 = Release|Any CPU
		{FF9379B1-4732-4EC3-8907-BF6581C3C2B6}.Release|x86.ActiveCfg = Release|Any CPU
		{FF9379B1-4732-4EC3-8907-BF6581C3C2B6}.Release|x86.Build.0 = Release|Any CPU
		{8A6C471E-FFC9-4206-B0D0-C0E59BD817FB}.Debug|Any CPU.ActiveCfg = Debug|Any CPU
		{8A6C471E-FFC9-4206-B0D0-C0E59BD817FB}.Debug|Any CPU.Build.0 = Debug|Any CPU
		{8A6C471E-FFC9-4206-B0D0-C0E59BD817FB}.Debug|x64.ActiveCfg = Debug|Any CPU
		{8A6C471E-FFC9-4206-B0D0-C0E59BD817FB}.Debug|x64.Build.0 = Debug|Any CPU
		{8A6C471E-FFC9-4206-B0D0-C0E59BD817FB}.Debug|x86.ActiveCfg = Debug|Any CPU
		{8A6C471E-FFC9-4206-B0D0-C0E59BD817FB}.Debug|x86.Build.0 = Debug|Any CPU
		{8A6C471E-FFC9-4206-B0D0-C0E59BD817FB}.Release|Any CPU.ActiveCfg = Release|Any CPU
		{8A6C471E-FFC9-4206-B0D0-C0E59BD817FB}.Release|Any CPU.Build.0 = Release|Any CPU
		{8A6C471E-FFC9-4206-B0D0-C0E59BD817FB}.Release|x64.ActiveCfg = Release|Any CPU
		{8A6C471E-FFC9-4206-B0D0-C0E59BD817FB}.Release|x64.Build.0 = Release|Any CPU
		{8A6C471E-FFC9-4206-B0D0-C0E59BD817FB}.Release|x86.ActiveCfg = Release|Any CPU
		{8A6C471E-FFC9-4206-B0D0-C0E59BD817FB}.Release|x86.Build.0 = Release|Any CPU
		{0735AFC0-8249-4488-8128-7885700103F5}.Debug|Any CPU.ActiveCfg = Debug|Any CPU
		{0735AFC0-8249-4488-8128-7885700103F5}.Debug|Any CPU.Build.0 = Debug|Any CPU
		{0735AFC0-8249-4488-8128-7885700103F5}.Debug|x64.ActiveCfg = Debug|Any CPU
		{0735AFC0-8249-4488-8128-7885700103F5}.Debug|x64.Build.0 = Debug|Any CPU
		{0735AFC0-8249-4488-8128-7885700103F5}.Debug|x86.ActiveCfg = Debug|Any CPU
		{0735AFC0-8249-4488-8128-7885700103F5}.Debug|x86.Build.0 = Debug|Any CPU
		{0735AFC0-8249-4488-8128-7885700103F5}.Release|Any CPU.ActiveCfg = Release|Any CPU
		{0735AFC0-8249-4488-8128-7885700103F5}.Release|Any CPU.Build.0 = Release|Any CPU
		{0735AFC0-8249-4488-8128-7885700103F5}.Release|x64.ActiveCfg = Release|Any CPU
		{0735AFC0-8249-4488-8128-7885700103F5}.Release|x64.Build.0 = Release|Any CPU
		{0735AFC0-8249-4488-8128-7885700103F5}.Release|x86.ActiveCfg = Release|Any CPU
		{0735AFC0-8249-4488-8128-7885700103F5}.Release|x86.Build.0 = Release|Any CPU
		{F4EFE841-376F-42EB-B17A-61B4AD740077}.Debug|Any CPU.ActiveCfg = Debug|Any CPU
		{F4EFE841-376F-42EB-B17A-61B4AD740077}.Debug|Any CPU.Build.0 = Debug|Any CPU
		{F4EFE841-376F-42EB-B17A-61B4AD740077}.Debug|x64.ActiveCfg = Debug|Any CPU
		{F4EFE841-376F-42EB-B17A-61B4AD740077}.Debug|x64.Build.0 = Debug|Any CPU
		{F4EFE841-376F-42EB-B17A-61B4AD740077}.Debug|x86.ActiveCfg = Debug|Any CPU
		{F4EFE841-376F-42EB-B17A-61B4AD740077}.Debug|x86.Build.0 = Debug|Any CPU
		{F4EFE841-376F-42EB-B17A-61B4AD740077}.Release|Any CPU.ActiveCfg = Release|Any CPU
		{F4EFE841-376F-42EB-B17A-61B4AD740077}.Release|Any CPU.Build.0 = Release|Any CPU
		{F4EFE841-376F-42EB-B17A-61B4AD740077}.Release|x64.ActiveCfg = Release|Any CPU
		{F4EFE841-376F-42EB-B17A-61B4AD740077}.Release|x64.Build.0 = Release|Any CPU
		{F4EFE841-376F-42EB-B17A-61B4AD740077}.Release|x86.ActiveCfg = Release|Any CPU
		{F4EFE841-376F-42EB-B17A-61B4AD740077}.Release|x86.Build.0 = Release|Any CPU
		{F997A460-C2FA-40AE-A79A-125E7415EE9B}.Debug|Any CPU.ActiveCfg = Debug|Any CPU
		{F997A460-C2FA-40AE-A79A-125E7415EE9B}.Debug|Any CPU.Build.0 = Debug|Any CPU
		{F997A460-C2FA-40AE-A79A-125E7415EE9B}.Debug|x64.ActiveCfg = Debug|Any CPU
		{F997A460-C2FA-40AE-A79A-125E7415EE9B}.Debug|x64.Build.0 = Debug|Any CPU
		{F997A460-C2FA-40AE-A79A-125E7415EE9B}.Debug|x86.ActiveCfg = Debug|Any CPU
		{F997A460-C2FA-40AE-A79A-125E7415EE9B}.Debug|x86.Build.0 = Debug|Any CPU
		{F997A460-C2FA-40AE-A79A-125E7415EE9B}.Release|Any CPU.ActiveCfg = Release|Any CPU
		{F997A460-C2FA-40AE-A79A-125E7415EE9B}.Release|Any CPU.Build.0 = Release|Any CPU
		{F997A460-C2FA-40AE-A79A-125E7415EE9B}.Release|x64.ActiveCfg = Release|Any CPU
		{F997A460-C2FA-40AE-A79A-125E7415EE9B}.Release|x64.Build.0 = Release|Any CPU
		{F997A460-C2FA-40AE-A79A-125E7415EE9B}.Release|x86.ActiveCfg = Release|Any CPU
		{F997A460-C2FA-40AE-A79A-125E7415EE9B}.Release|x86.Build.0 = Release|Any CPU
		{774E6623-09D0-4A87-8ADB-DAC88445D768}.Debug|Any CPU.ActiveCfg = Debug|Any CPU
		{774E6623-09D0-4A87-8ADB-DAC88445D768}.Debug|Any CPU.Build.0 = Debug|Any CPU
		{774E6623-09D0-4A87-8ADB-DAC88445D768}.Debug|x64.ActiveCfg = Debug|Any CPU
		{774E6623-09D0-4A87-8ADB-DAC88445D768}.Debug|x64.Build.0 = Debug|Any CPU
		{774E6623-09D0-4A87-8ADB-DAC88445D768}.Debug|x86.ActiveCfg = Debug|Any CPU
		{774E6623-09D0-4A87-8ADB-DAC88445D768}.Debug|x86.Build.0 = Debug|Any CPU
		{774E6623-09D0-4A87-8ADB-DAC88445D768}.Release|Any CPU.ActiveCfg = Release|Any CPU
		{774E6623-09D0-4A87-8ADB-DAC88445D768}.Release|Any CPU.Build.0 = Release|Any CPU
		{774E6623-09D0-4A87-8ADB-DAC88445D768}.Release|x64.ActiveCfg = Release|Any CPU
		{774E6623-09D0-4A87-8ADB-DAC88445D768}.Release|x64.Build.0 = Release|Any CPU
		{774E6623-09D0-4A87-8ADB-DAC88445D768}.Release|x86.ActiveCfg = Release|Any CPU
		{774E6623-09D0-4A87-8ADB-DAC88445D768}.Release|x86.Build.0 = Release|Any CPU
		{61EA3B5D-9647-4AC9-87EA-CB713D3E07D3}.Debug|Any CPU.ActiveCfg = Debug|Any CPU
		{61EA3B5D-9647-4AC9-87EA-CB713D3E07D3}.Debug|Any CPU.Build.0 = Debug|Any CPU
		{61EA3B5D-9647-4AC9-87EA-CB713D3E07D3}.Debug|x64.ActiveCfg = Debug|Any CPU
		{61EA3B5D-9647-4AC9-87EA-CB713D3E07D3}.Debug|x64.Build.0 = Debug|Any CPU
		{61EA3B5D-9647-4AC9-87EA-CB713D3E07D3}.Debug|x86.ActiveCfg = Debug|Any CPU
		{61EA3B5D-9647-4AC9-87EA-CB713D3E07D3}.Debug|x86.Build.0 = Debug|Any CPU
		{61EA3B5D-9647-4AC9-87EA-CB713D3E07D3}.Release|Any CPU.ActiveCfg = Release|Any CPU
		{61EA3B5D-9647-4AC9-87EA-CB713D3E07D3}.Release|Any CPU.Build.0 = Release|Any CPU
		{61EA3B5D-9647-4AC9-87EA-CB713D3E07D3}.Release|x64.ActiveCfg = Release|Any CPU
		{61EA3B5D-9647-4AC9-87EA-CB713D3E07D3}.Release|x64.Build.0 = Release|Any CPU
		{61EA3B5D-9647-4AC9-87EA-CB713D3E07D3}.Release|x86.ActiveCfg = Release|Any CPU
		{61EA3B5D-9647-4AC9-87EA-CB713D3E07D3}.Release|x86.Build.0 = Release|Any CPU
		{1F054DC1-0FD2-407C-AA3C-573D79C06937}.Debug|Any CPU.ActiveCfg = Debug|Any CPU
		{1F054DC1-0FD2-407C-AA3C-573D79C06937}.Debug|Any CPU.Build.0 = Debug|Any CPU
		{1F054DC1-0FD2-407C-AA3C-573D79C06937}.Debug|x64.ActiveCfg = Debug|Any CPU
		{1F054DC1-0FD2-407C-AA3C-573D79C06937}.Debug|x64.Build.0 = Debug|Any CPU
		{1F054DC1-0FD2-407C-AA3C-573D79C06937}.Debug|x86.ActiveCfg = Debug|Any CPU
		{1F054DC1-0FD2-407C-AA3C-573D79C06937}.Debug|x86.Build.0 = Debug|Any CPU
		{1F054DC1-0FD2-407C-AA3C-573D79C06937}.Release|Any CPU.ActiveCfg = Release|Any CPU
		{1F054DC1-0FD2-407C-AA3C-573D79C06937}.Release|Any CPU.Build.0 = Release|Any CPU
		{1F054DC1-0FD2-407C-AA3C-573D79C06937}.Release|x64.ActiveCfg = Release|Any CPU
		{1F054DC1-0FD2-407C-AA3C-573D79C06937}.Release|x64.Build.0 = Release|Any CPU
		{1F054DC1-0FD2-407C-AA3C-573D79C06937}.Release|x86.ActiveCfg = Release|Any CPU
		{1F054DC1-0FD2-407C-AA3C-573D79C06937}.Release|x86.Build.0 = Release|Any CPU
		{1E6B08DF-31BE-4E09-BC82-A61B569E77E9}.Debug|Any CPU.ActiveCfg = Debug|Any CPU
		{1E6B08DF-31BE-4E09-BC82-A61B569E77E9}.Debug|Any CPU.Build.0 = Debug|Any CPU
		{1E6B08DF-31BE-4E09-BC82-A61B569E77E9}.Debug|x64.ActiveCfg = Debug|Any CPU
		{1E6B08DF-31BE-4E09-BC82-A61B569E77E9}.Debug|x64.Build.0 = Debug|Any CPU
		{1E6B08DF-31BE-4E09-BC82-A61B569E77E9}.Debug|x86.ActiveCfg = Debug|Any CPU
		{1E6B08DF-31BE-4E09-BC82-A61B569E77E9}.Debug|x86.Build.0 = Debug|Any CPU
		{1E6B08DF-31BE-4E09-BC82-A61B569E77E9}.Release|Any CPU.ActiveCfg = Release|Any CPU
		{1E6B08DF-31BE-4E09-BC82-A61B569E77E9}.Release|Any CPU.Build.0 = Release|Any CPU
		{1E6B08DF-31BE-4E09-BC82-A61B569E77E9}.Release|x64.ActiveCfg = Release|Any CPU
		{1E6B08DF-31BE-4E09-BC82-A61B569E77E9}.Release|x64.Build.0 = Release|Any CPU
		{1E6B08DF-31BE-4E09-BC82-A61B569E77E9}.Release|x86.ActiveCfg = Release|Any CPU
		{1E6B08DF-31BE-4E09-BC82-A61B569E77E9}.Release|x86.Build.0 = Release|Any CPU
		{614A068D-17C5-43ED-A489-B6AE6DBAEE78}.Debug|Any CPU.ActiveCfg = Debug|Any CPU
		{614A068D-17C5-43ED-A489-B6AE6DBAEE78}.Debug|Any CPU.Build.0 = Debug|Any CPU
		{614A068D-17C5-43ED-A489-B6AE6DBAEE78}.Debug|x64.ActiveCfg = Debug|Any CPU
		{614A068D-17C5-43ED-A489-B6AE6DBAEE78}.Debug|x64.Build.0 = Debug|Any CPU
		{614A068D-17C5-43ED-A489-B6AE6DBAEE78}.Debug|x86.ActiveCfg = Debug|Any CPU
		{614A068D-17C5-43ED-A489-B6AE6DBAEE78}.Debug|x86.Build.0 = Debug|Any CPU
		{614A068D-17C5-43ED-A489-B6AE6DBAEE78}.Release|Any CPU.ActiveCfg = Release|Any CPU
		{614A068D-17C5-43ED-A489-B6AE6DBAEE78}.Release|Any CPU.Build.0 = Release|Any CPU
		{614A068D-17C5-43ED-A489-B6AE6DBAEE78}.Release|x64.ActiveCfg = Release|Any CPU
		{614A068D-17C5-43ED-A489-B6AE6DBAEE78}.Release|x64.Build.0 = Release|Any CPU
		{614A068D-17C5-43ED-A489-B6AE6DBAEE78}.Release|x86.ActiveCfg = Release|Any CPU
		{614A068D-17C5-43ED-A489-B6AE6DBAEE78}.Release|x86.Build.0 = Release|Any CPU
		{BF00AEAE-01FB-423F-9E5E-CDAE805F10A5}.Debug|Any CPU.ActiveCfg = Debug|Any CPU
		{BF00AEAE-01FB-423F-9E5E-CDAE805F10A5}.Debug|Any CPU.Build.0 = Debug|Any CPU
		{BF00AEAE-01FB-423F-9E5E-CDAE805F10A5}.Debug|x64.ActiveCfg = Debug|Any CPU
		{BF00AEAE-01FB-423F-9E5E-CDAE805F10A5}.Debug|x64.Build.0 = Debug|Any CPU
		{BF00AEAE-01FB-423F-9E5E-CDAE805F10A5}.Debug|x86.ActiveCfg = Debug|Any CPU
		{BF00AEAE-01FB-423F-9E5E-CDAE805F10A5}.Debug|x86.Build.0 = Debug|Any CPU
		{BF00AEAE-01FB-423F-9E5E-CDAE805F10A5}.Release|Any CPU.ActiveCfg = Release|Any CPU
		{BF00AEAE-01FB-423F-9E5E-CDAE805F10A5}.Release|Any CPU.Build.0 = Release|Any CPU
		{BF00AEAE-01FB-423F-9E5E-CDAE805F10A5}.Release|x64.ActiveCfg = Release|Any CPU
		{BF00AEAE-01FB-423F-9E5E-CDAE805F10A5}.Release|x64.Build.0 = Release|Any CPU
		{BF00AEAE-01FB-423F-9E5E-CDAE805F10A5}.Release|x86.ActiveCfg = Release|Any CPU
		{BF00AEAE-01FB-423F-9E5E-CDAE805F10A5}.Release|x86.Build.0 = Release|Any CPU
		{D698D45B-6242-4CFF-AFB7-3AA18559CE1F}.Debug|Any CPU.ActiveCfg = Debug|Any CPU
		{D698D45B-6242-4CFF-AFB7-3AA18559CE1F}.Debug|Any CPU.Build.0 = Debug|Any CPU
		{D698D45B-6242-4CFF-AFB7-3AA18559CE1F}.Debug|x64.ActiveCfg = Debug|Any CPU
		{D698D45B-6242-4CFF-AFB7-3AA18559CE1F}.Debug|x64.Build.0 = Debug|Any CPU
		{D698D45B-6242-4CFF-AFB7-3AA18559CE1F}.Debug|x86.ActiveCfg = Debug|Any CPU
		{D698D45B-6242-4CFF-AFB7-3AA18559CE1F}.Debug|x86.Build.0 = Debug|Any CPU
		{D698D45B-6242-4CFF-AFB7-3AA18559CE1F}.Release|Any CPU.ActiveCfg = Release|Any CPU
		{D698D45B-6242-4CFF-AFB7-3AA18559CE1F}.Release|Any CPU.Build.0 = Release|Any CPU
		{D698D45B-6242-4CFF-AFB7-3AA18559CE1F}.Release|x64.ActiveCfg = Release|Any CPU
		{D698D45B-6242-4CFF-AFB7-3AA18559CE1F}.Release|x64.Build.0 = Release|Any CPU
		{D698D45B-6242-4CFF-AFB7-3AA18559CE1F}.Release|x86.ActiveCfg = Release|Any CPU
		{D698D45B-6242-4CFF-AFB7-3AA18559CE1F}.Release|x86.Build.0 = Release|Any CPU
		{70B897BE-0F4B-43DD-9953-CDCBFA474A0D}.Debug|Any CPU.ActiveCfg = Debug|Any CPU
		{70B897BE-0F4B-43DD-9953-CDCBFA474A0D}.Debug|Any CPU.Build.0 = Debug|Any CPU
		{70B897BE-0F4B-43DD-9953-CDCBFA474A0D}.Debug|x64.ActiveCfg = Debug|Any CPU
		{70B897BE-0F4B-43DD-9953-CDCBFA474A0D}.Debug|x64.Build.0 = Debug|Any CPU
		{70B897BE-0F4B-43DD-9953-CDCBFA474A0D}.Debug|x86.ActiveCfg = Debug|Any CPU
		{70B897BE-0F4B-43DD-9953-CDCBFA474A0D}.Debug|x86.Build.0 = Debug|Any CPU
		{70B897BE-0F4B-43DD-9953-CDCBFA474A0D}.Release|Any CPU.ActiveCfg = Release|Any CPU
		{70B897BE-0F4B-43DD-9953-CDCBFA474A0D}.Release|Any CPU.Build.0 = Release|Any CPU
		{70B897BE-0F4B-43DD-9953-CDCBFA474A0D}.Release|x64.ActiveCfg = Release|Any CPU
		{70B897BE-0F4B-43DD-9953-CDCBFA474A0D}.Release|x64.Build.0 = Release|Any CPU
		{70B897BE-0F4B-43DD-9953-CDCBFA474A0D}.Release|x86.ActiveCfg = Release|Any CPU
		{70B897BE-0F4B-43DD-9953-CDCBFA474A0D}.Release|x86.Build.0 = Release|Any CPU
		{7B279291-CF9D-43FF-B351-00A5BECC2230}.Debug|Any CPU.ActiveCfg = Debug|Any CPU
		{7B279291-CF9D-43FF-B351-00A5BECC2230}.Debug|Any CPU.Build.0 = Debug|Any CPU
		{7B279291-CF9D-43FF-B351-00A5BECC2230}.Debug|x64.ActiveCfg = Debug|Any CPU
		{7B279291-CF9D-43FF-B351-00A5BECC2230}.Debug|x64.Build.0 = Debug|Any CPU
		{7B279291-CF9D-43FF-B351-00A5BECC2230}.Debug|x86.ActiveCfg = Debug|Any CPU
		{7B279291-CF9D-43FF-B351-00A5BECC2230}.Debug|x86.Build.0 = Debug|Any CPU
		{7B279291-CF9D-43FF-B351-00A5BECC2230}.Release|Any CPU.ActiveCfg = Release|Any CPU
		{7B279291-CF9D-43FF-B351-00A5BECC2230}.Release|Any CPU.Build.0 = Release|Any CPU
		{7B279291-CF9D-43FF-B351-00A5BECC2230}.Release|x64.ActiveCfg = Release|Any CPU
		{7B279291-CF9D-43FF-B351-00A5BECC2230}.Release|x64.Build.0 = Release|Any CPU
		{7B279291-CF9D-43FF-B351-00A5BECC2230}.Release|x86.ActiveCfg = Release|Any CPU
		{7B279291-CF9D-43FF-B351-00A5BECC2230}.Release|x86.Build.0 = Release|Any CPU
		{EBC7561D-FDA5-494D-BE42-FFFD8DAF0C66}.Debug|Any CPU.ActiveCfg = Debug|Any CPU
		{EBC7561D-FDA5-494D-BE42-FFFD8DAF0C66}.Debug|Any CPU.Build.0 = Debug|Any CPU
		{EBC7561D-FDA5-494D-BE42-FFFD8DAF0C66}.Debug|x64.ActiveCfg = Debug|Any CPU
		{EBC7561D-FDA5-494D-BE42-FFFD8DAF0C66}.Debug|x64.Build.0 = Debug|Any CPU
		{EBC7561D-FDA5-494D-BE42-FFFD8DAF0C66}.Debug|x86.ActiveCfg = Debug|Any CPU
		{EBC7561D-FDA5-494D-BE42-FFFD8DAF0C66}.Debug|x86.Build.0 = Debug|Any CPU
		{EBC7561D-FDA5-494D-BE42-FFFD8DAF0C66}.Release|Any CPU.ActiveCfg = Release|Any CPU
		{EBC7561D-FDA5-494D-BE42-FFFD8DAF0C66}.Release|Any CPU.Build.0 = Release|Any CPU
		{EBC7561D-FDA5-494D-BE42-FFFD8DAF0C66}.Release|x64.ActiveCfg = Release|Any CPU
		{EBC7561D-FDA5-494D-BE42-FFFD8DAF0C66}.Release|x64.Build.0 = Release|Any CPU
		{EBC7561D-FDA5-494D-BE42-FFFD8DAF0C66}.Release|x86.ActiveCfg = Release|Any CPU
		{EBC7561D-FDA5-494D-BE42-FFFD8DAF0C66}.Release|x86.Build.0 = Release|Any CPU
		{543D4F04-7F92-42D0-9658-2F85C386A0C3}.Debug|Any CPU.ActiveCfg = Debug|Any CPU
		{543D4F04-7F92-42D0-9658-2F85C386A0C3}.Debug|Any CPU.Build.0 = Debug|Any CPU
		{543D4F04-7F92-42D0-9658-2F85C386A0C3}.Debug|x64.ActiveCfg = Debug|Any CPU
		{543D4F04-7F92-42D0-9658-2F85C386A0C3}.Debug|x64.Build.0 = Debug|Any CPU
		{543D4F04-7F92-42D0-9658-2F85C386A0C3}.Debug|x86.ActiveCfg = Debug|Any CPU
		{543D4F04-7F92-42D0-9658-2F85C386A0C3}.Debug|x86.Build.0 = Debug|Any CPU
		{543D4F04-7F92-42D0-9658-2F85C386A0C3}.Release|Any CPU.ActiveCfg = Release|Any CPU
		{543D4F04-7F92-42D0-9658-2F85C386A0C3}.Release|Any CPU.Build.0 = Release|Any CPU
		{543D4F04-7F92-42D0-9658-2F85C386A0C3}.Release|x64.ActiveCfg = Release|Any CPU
		{543D4F04-7F92-42D0-9658-2F85C386A0C3}.Release|x64.Build.0 = Release|Any CPU
		{543D4F04-7F92-42D0-9658-2F85C386A0C3}.Release|x86.ActiveCfg = Release|Any CPU
		{543D4F04-7F92-42D0-9658-2F85C386A0C3}.Release|x86.Build.0 = Release|Any CPU
		{E5F4DDA0-32F2-4866-A95F-F6241F7CF6F6}.Debug|Any CPU.ActiveCfg = Debug|Any CPU
		{E5F4DDA0-32F2-4866-A95F-F6241F7CF6F6}.Debug|Any CPU.Build.0 = Debug|Any CPU
		{E5F4DDA0-32F2-4866-A95F-F6241F7CF6F6}.Debug|x64.ActiveCfg = Debug|Any CPU
		{E5F4DDA0-32F2-4866-A95F-F6241F7CF6F6}.Debug|x64.Build.0 = Debug|Any CPU
		{E5F4DDA0-32F2-4866-A95F-F6241F7CF6F6}.Debug|x86.ActiveCfg = Debug|Any CPU
		{E5F4DDA0-32F2-4866-A95F-F6241F7CF6F6}.Debug|x86.Build.0 = Debug|Any CPU
		{E5F4DDA0-32F2-4866-A95F-F6241F7CF6F6}.Release|Any CPU.ActiveCfg = Release|Any CPU
		{E5F4DDA0-32F2-4866-A95F-F6241F7CF6F6}.Release|Any CPU.Build.0 = Release|Any CPU
		{E5F4DDA0-32F2-4866-A95F-F6241F7CF6F6}.Release|x64.ActiveCfg = Release|Any CPU
		{E5F4DDA0-32F2-4866-A95F-F6241F7CF6F6}.Release|x64.Build.0 = Release|Any CPU
		{E5F4DDA0-32F2-4866-A95F-F6241F7CF6F6}.Release|x86.ActiveCfg = Release|Any CPU
		{E5F4DDA0-32F2-4866-A95F-F6241F7CF6F6}.Release|x86.Build.0 = Release|Any CPU
		{2092FBA0-CCFA-4DFF-9C40-77516529AC89}.Debug|Any CPU.ActiveCfg = Debug|Any CPU
		{2092FBA0-CCFA-4DFF-9C40-77516529AC89}.Debug|Any CPU.Build.0 = Debug|Any CPU
		{2092FBA0-CCFA-4DFF-9C40-77516529AC89}.Debug|x64.ActiveCfg = Debug|Any CPU
		{2092FBA0-CCFA-4DFF-9C40-77516529AC89}.Debug|x64.Build.0 = Debug|Any CPU
		{2092FBA0-CCFA-4DFF-9C40-77516529AC89}.Debug|x86.ActiveCfg = Debug|Any CPU
		{2092FBA0-CCFA-4DFF-9C40-77516529AC89}.Debug|x86.Build.0 = Debug|Any CPU
		{2092FBA0-CCFA-4DFF-9C40-77516529AC89}.Release|Any CPU.ActiveCfg = Release|Any CPU
		{2092FBA0-CCFA-4DFF-9C40-77516529AC89}.Release|Any CPU.Build.0 = Release|Any CPU
		{2092FBA0-CCFA-4DFF-9C40-77516529AC89}.Release|x64.ActiveCfg = Release|Any CPU
		{2092FBA0-CCFA-4DFF-9C40-77516529AC89}.Release|x64.Build.0 = Release|Any CPU
		{2092FBA0-CCFA-4DFF-9C40-77516529AC89}.Release|x86.ActiveCfg = Release|Any CPU
		{2092FBA0-CCFA-4DFF-9C40-77516529AC89}.Release|x86.Build.0 = Release|Any CPU
		{91A2228A-ABA7-4695-B60E-6FC211E23B89}.Debug|Any CPU.ActiveCfg = Debug|Any CPU
		{91A2228A-ABA7-4695-B60E-6FC211E23B89}.Debug|Any CPU.Build.0 = Debug|Any CPU
		{91A2228A-ABA7-4695-B60E-6FC211E23B89}.Debug|x64.ActiveCfg = Debug|Any CPU
		{91A2228A-ABA7-4695-B60E-6FC211E23B89}.Debug|x64.Build.0 = Debug|Any CPU
		{91A2228A-ABA7-4695-B60E-6FC211E23B89}.Debug|x86.ActiveCfg = Debug|Any CPU
		{91A2228A-ABA7-4695-B60E-6FC211E23B89}.Debug|x86.Build.0 = Debug|Any CPU
		{91A2228A-ABA7-4695-B60E-6FC211E23B89}.Release|Any CPU.ActiveCfg = Release|Any CPU
		{91A2228A-ABA7-4695-B60E-6FC211E23B89}.Release|Any CPU.Build.0 = Release|Any CPU
		{91A2228A-ABA7-4695-B60E-6FC211E23B89}.Release|x64.ActiveCfg = Release|Any CPU
		{91A2228A-ABA7-4695-B60E-6FC211E23B89}.Release|x64.Build.0 = Release|Any CPU
		{91A2228A-ABA7-4695-B60E-6FC211E23B89}.Release|x86.ActiveCfg = Release|Any CPU
		{91A2228A-ABA7-4695-B60E-6FC211E23B89}.Release|x86.Build.0 = Release|Any CPU
		{DED6C756-6B7D-4C7A-BBB1-8180BD21C9D2}.Debug|Any CPU.ActiveCfg = Debug|Any CPU
		{DED6C756-6B7D-4C7A-BBB1-8180BD21C9D2}.Debug|Any CPU.Build.0 = Debug|Any CPU
		{DED6C756-6B7D-4C7A-BBB1-8180BD21C9D2}.Debug|x64.ActiveCfg = Debug|Any CPU
		{DED6C756-6B7D-4C7A-BBB1-8180BD21C9D2}.Debug|x64.Build.0 = Debug|Any CPU
		{DED6C756-6B7D-4C7A-BBB1-8180BD21C9D2}.Debug|x86.ActiveCfg = Debug|Any CPU
		{DED6C756-6B7D-4C7A-BBB1-8180BD21C9D2}.Debug|x86.Build.0 = Debug|Any CPU
		{DED6C756-6B7D-4C7A-BBB1-8180BD21C9D2}.Release|Any CPU.ActiveCfg = Release|Any CPU
		{DED6C756-6B7D-4C7A-BBB1-8180BD21C9D2}.Release|Any CPU.Build.0 = Release|Any CPU
		{DED6C756-6B7D-4C7A-BBB1-8180BD21C9D2}.Release|x64.ActiveCfg = Release|Any CPU
		{DED6C756-6B7D-4C7A-BBB1-8180BD21C9D2}.Release|x64.Build.0 = Release|Any CPU
		{DED6C756-6B7D-4C7A-BBB1-8180BD21C9D2}.Release|x86.ActiveCfg = Release|Any CPU
		{DED6C756-6B7D-4C7A-BBB1-8180BD21C9D2}.Release|x86.Build.0 = Release|Any CPU
		{5EB20E45-BFF6-4F0B-92A3-8B5D36E8062D}.Debug|Any CPU.ActiveCfg = Debug|Any CPU
		{5EB20E45-BFF6-4F0B-92A3-8B5D36E8062D}.Debug|Any CPU.Build.0 = Debug|Any CPU
		{5EB20E45-BFF6-4F0B-92A3-8B5D36E8062D}.Debug|x64.ActiveCfg = Debug|Any CPU
		{5EB20E45-BFF6-4F0B-92A3-8B5D36E8062D}.Debug|x64.Build.0 = Debug|Any CPU
		{5EB20E45-BFF6-4F0B-92A3-8B5D36E8062D}.Debug|x86.ActiveCfg = Debug|Any CPU
		{5EB20E45-BFF6-4F0B-92A3-8B5D36E8062D}.Debug|x86.Build.0 = Debug|Any CPU
		{5EB20E45-BFF6-4F0B-92A3-8B5D36E8062D}.Release|Any CPU.ActiveCfg = Release|Any CPU
		{5EB20E45-BFF6-4F0B-92A3-8B5D36E8062D}.Release|Any CPU.Build.0 = Release|Any CPU
		{5EB20E45-BFF6-4F0B-92A3-8B5D36E8062D}.Release|x64.ActiveCfg = Release|Any CPU
		{5EB20E45-BFF6-4F0B-92A3-8B5D36E8062D}.Release|x64.Build.0 = Release|Any CPU
		{5EB20E45-BFF6-4F0B-92A3-8B5D36E8062D}.Release|x86.ActiveCfg = Release|Any CPU
		{5EB20E45-BFF6-4F0B-92A3-8B5D36E8062D}.Release|x86.Build.0 = Release|Any CPU
	EndGlobalSection
	GlobalSection(SolutionProperties) = preSolution
		HideSolutionNode = FALSE
	EndGlobalSection
	GlobalSection(NestedProjects) = preSolution
		{981C2CF6-E5BB-602A-511C-234B538302B0} = {827E0CD3-B72D-47B6-A68D-7590B98EB39B}
		{EA1E2AF9-EAAE-4320-B1F0-D4A0826969D1} = {981C2CF6-E5BB-602A-511C-234B538302B0}
		{136C916F-9B98-4645-995C-808C66CDFE56} = {90298CBA-BD6F-3A0A-69D5-97CAD7B05E7E}
		{93CB6438-705A-4C08-A73F-89CF7F6FA73A} = {90298CBA-BD6F-3A0A-69D5-97CAD7B05E7E}
		{28FE053D-1AFB-42AF-BB4A-939882172997} = {90298CBA-BD6F-3A0A-69D5-97CAD7B05E7E}
		{90298CBA-BD6F-3A0A-69D5-97CAD7B05E7E} = {827E0CD3-B72D-47B6-A68D-7590B98EB39B}
		{1096D4CF-0E72-4940-8FDA-3E8AB56445E9} = {90298CBA-BD6F-3A0A-69D5-97CAD7B05E7E}
		{4282F34B-6107-4C4E-B343-FECF5C872953} = {90298CBA-BD6F-3A0A-69D5-97CAD7B05E7E}
		{EC447DCF-ABFA-6E24-52A5-D7FD48A5C558} = {827E0CD3-B72D-47B6-A68D-7590B98EB39B}
		{07FA420D-2907-57EF-713B-52CD3FBE2C68} = {EC447DCF-ABFA-6E24-52A5-D7FD48A5C558}
		{7DBE5851-1304-4477-8674-0892CA91C323} = {07FA420D-2907-57EF-713B-52CD3FBE2C68}
		{BD54C6CE-21C3-4139-B14A-381968C4C981} = {07FA420D-2907-57EF-713B-52CD3FBE2C68}
		{65C27441-689E-4398-A98E-7BF48902F8A6} = {07FA420D-2907-57EF-713B-52CD3FBE2C68}
		{BECD4AB6-753B-494F-85C9-CAB962F84CAA} = {07FA420D-2907-57EF-713B-52CD3FBE2C68}
		{4547C437-48B4-477A-A4CF-D9612E3DCF9D} = {EC447DCF-ABFA-6E24-52A5-D7FD48A5C558}
		{4F6E7E62-F418-431D-A636-A36987A088AA} = {4547C437-48B4-477A-A4CF-D9612E3DCF9D}
		{B4E2008E-D6C2-4E21-96B1-604D79EFE4D2} = {4547C437-48B4-477A-A4CF-D9612E3DCF9D}
		{F9820E34-125B-4A70-838E-59C57E3CE9B6} = {4547C437-48B4-477A-A4CF-D9612E3DCF9D}
		{83CD8967-7E3C-4DFB-9E38-124D0D1E646C} = {4547C437-48B4-477A-A4CF-D9612E3DCF9D}
		{0EC62A1A-9858-3A60-8A0C-FC9AACFA2EC7} = {EC447DCF-ABFA-6E24-52A5-D7FD48A5C558}
		{34A628E8-0DB3-459E-B851-76DD13C0D5D0} = {0EC62A1A-9858-3A60-8A0C-FC9AACFA2EC7}
		{F95244CB-89AC-4E99-8219-16F2956C8E9E} = {0EC62A1A-9858-3A60-8A0C-FC9AACFA2EC7}
		{8E0AED4F-A851-4C66-858B-C63008F45692} = {0EC62A1A-9858-3A60-8A0C-FC9AACFA2EC7}
		{023FFF62-0940-4250-97D0-09233243CD2C} = {0EC62A1A-9858-3A60-8A0C-FC9AACFA2EC7}
		{DE9DAF8A-E684-0FD3-FFDC-40D3E3158533} = {EC447DCF-ABFA-6E24-52A5-D7FD48A5C558}
		{3EE3881C-7801-4347-88CE-6CC6B422155C} = {DE9DAF8A-E684-0FD3-FFDC-40D3E3158533}
		{1CB8113B-CDF1-47BC-9BC9-E9D1C7C9B8DF} = {DE9DAF8A-E684-0FD3-FFDC-40D3E3158533}
		{13AFB85B-3CFF-47DC-8CFB-6EBECF179934} = {DE9DAF8A-E684-0FD3-FFDC-40D3E3158533}
		{79B917BC-2A32-4B1B-B736-870DF1D0C93B} = {DE9DAF8A-E684-0FD3-FFDC-40D3E3158533}
		{DEF05D85-86F1-393F-22F4-9251153583D2} = {EC447DCF-ABFA-6E24-52A5-D7FD48A5C558}
		{D2F77998-26B3-410C-AD24-C8B1E29E8CA6} = {DEF05D85-86F1-393F-22F4-9251153583D2}
		{D1F410E9-2A67-493B-984D-F0CDF6E466AD} = {DEF05D85-86F1-393F-22F4-9251153583D2}
		{74207094-8027-4F46-B9E6-41D056D89FD1} = {DEF05D85-86F1-393F-22F4-9251153583D2}
		{3334E330-EBF6-4174-B039-FFB00E98E04B} = {DEF05D85-86F1-393F-22F4-9251153583D2}
		{738763F7-68AC-12DE-A386-1ED9BDE12CF2} = {EC447DCF-ABFA-6E24-52A5-D7FD48A5C558}
		{77A5D01F-6F67-4CD0-9AD5-48A510FC5986} = {738763F7-68AC-12DE-A386-1ED9BDE12CF2}
		{71F0F10E-FB50-4EC6-9AC6-919A55B70A85} = {738763F7-68AC-12DE-A386-1ED9BDE12CF2}
		{650FFD9A-CEF9-413E-9B5C-08359642537C} = {738763F7-68AC-12DE-A386-1ED9BDE12CF2}
		{0DB21F66-9ED6-4162-81D6-DB8822F12FD7} = {738763F7-68AC-12DE-A386-1ED9BDE12CF2}
		{7375123C-7229-01CA-E81E-AA3CA21A18EB} = {EC447DCF-ABFA-6E24-52A5-D7FD48A5C558}
		{1A4B217A-0DAB-4523-944A-F750D112F21F} = {7375123C-7229-01CA-E81E-AA3CA21A18EB}
		{D2B279A7-144E-4C14-B4FC-2D30BD4DA42A} = {7375123C-7229-01CA-E81E-AA3CA21A18EB}
		{14F4B23D-2E72-4535-A8B5-5AFDB77D2007} = {7375123C-7229-01CA-E81E-AA3CA21A18EB}
		{8C2EDC7C-7B99-4F65-B3D9-CB46DAA4C431} = {7375123C-7229-01CA-E81E-AA3CA21A18EB}
		{1BBAC1C8-99B6-CDD2-63A0-C69569EE41FF} = {EC447DCF-ABFA-6E24-52A5-D7FD48A5C558}
		{8176A291-0200-42C1-8B53-2C0B27116E39} = {1BBAC1C8-99B6-CDD2-63A0-C69569EE41FF}
		{85AF487E-2C18-494A-BCB6-172DD50C5B7F} = {1BBAC1C8-99B6-CDD2-63A0-C69569EE41FF}
		{42BCC8F2-7C40-4046-A639-A9AF5349A97C} = {1BBAC1C8-99B6-CDD2-63A0-C69569EE41FF}
		{B0BD7860-80AA-4CA1-AD20-DE8E6129B5DD} = {1BBAC1C8-99B6-CDD2-63A0-C69569EE41FF}
		{837D20E8-9441-B87D-8EF4-FF6BD35F7D0E} = {EC447DCF-ABFA-6E24-52A5-D7FD48A5C558}
		{AA0CC522-BC22-42A5-8743-D0CF27FC743A} = {837D20E8-9441-B87D-8EF4-FF6BD35F7D0E}
		{FF9379B1-4732-4EC3-8907-BF6581C3C2B6} = {837D20E8-9441-B87D-8EF4-FF6BD35F7D0E}
		{8A6C471E-FFC9-4206-B0D0-C0E59BD817FB} = {837D20E8-9441-B87D-8EF4-FF6BD35F7D0E}
		{0735AFC0-8249-4488-8128-7885700103F5} = {837D20E8-9441-B87D-8EF4-FF6BD35F7D0E}
		{36085FE5-2F3B-08E4-8E3E-EB6543970461} = {EC447DCF-ABFA-6E24-52A5-D7FD48A5C558}
		{F4EFE841-376F-42EB-B17A-61B4AD740077} = {36085FE5-2F3B-08E4-8E3E-EB6543970461}
		{F997A460-C2FA-40AE-A79A-125E7415EE9B} = {36085FE5-2F3B-08E4-8E3E-EB6543970461}
		{774E6623-09D0-4A87-8ADB-DAC88445D768} = {36085FE5-2F3B-08E4-8E3E-EB6543970461}
		{61EA3B5D-9647-4AC9-87EA-CB713D3E07D3} = {36085FE5-2F3B-08E4-8E3E-EB6543970461}
		{303EDD67-775A-9813-FB2D-E7AE44C6FBFF} = {EC447DCF-ABFA-6E24-52A5-D7FD48A5C558}
		{1F054DC1-0FD2-407C-AA3C-573D79C06937} = {303EDD67-775A-9813-FB2D-E7AE44C6FBFF}
		{1E6B08DF-31BE-4E09-BC82-A61B569E77E9} = {303EDD67-775A-9813-FB2D-E7AE44C6FBFF}
		{614A068D-17C5-43ED-A489-B6AE6DBAEE78} = {303EDD67-775A-9813-FB2D-E7AE44C6FBFF}
		{BF00AEAE-01FB-423F-9E5E-CDAE805F10A5} = {303EDD67-775A-9813-FB2D-E7AE44C6FBFF}
		{D698D45B-6242-4CFF-AFB7-3AA18559CE1F} = {0AB3BF05-4346-4AA6-1389-037BE0695223}
		{70B897BE-0F4B-43DD-9953-CDCBFA474A0D} = {0AB3BF05-4346-4AA6-1389-037BE0695223}
		{4137E63F-E548-9327-FBCB-3A4A1ED7B259} = {EC447DCF-ABFA-6E24-52A5-D7FD48A5C558}
		{7B279291-CF9D-43FF-B351-00A5BECC2230} = {4137E63F-E548-9327-FBCB-3A4A1ED7B259}
		{EBC7561D-FDA5-494D-BE42-FFFD8DAF0C66} = {4137E63F-E548-9327-FBCB-3A4A1ED7B259}
		{543D4F04-7F92-42D0-9658-2F85C386A0C3} = {4137E63F-E548-9327-FBCB-3A4A1ED7B259}
		{E5F4DDA0-32F2-4866-A95F-F6241F7CF6F6} = {4137E63F-E548-9327-FBCB-3A4A1ED7B259}
		{1179E9C7-872E-048C-0005-C1319F9646E4} = {EC447DCF-ABFA-6E24-52A5-D7FD48A5C558}
		{2092FBA0-CCFA-4DFF-9C40-77516529AC89} = {1179E9C7-872E-048C-0005-C1319F9646E4}
		{91A2228A-ABA7-4695-B60E-6FC211E23B89} = {1179E9C7-872E-048C-0005-C1319F9646E4}
		{DED6C756-6B7D-4C7A-BBB1-8180BD21C9D2} = {1179E9C7-872E-048C-0005-C1319F9646E4}
		{5EB20E45-BFF6-4F0B-92A3-8B5D36E8062D} = {1179E9C7-872E-048C-0005-C1319F9646E4}
	EndGlobalSection
	GlobalSection(ExtensibilityGlobals) = postSolution
		SolutionGuid = {C90AD7A3-7D09-4C2A-87D9-604D6FBB61FC}
	EndGlobalSection
EndGlobal
